
Microsoft Visual Studio Solution File, Format Version 12.00
# Visual Studio 14
VisualStudioVersion = 14.0.24720.0
MinimumVisualStudioVersion = 10.0.40219.1
Project("{2150E333-8FDC-42A3-9474-1A3956D46DE8}") = "SDK", "SDK", "{DD6BAF00-C311-43FB-9578-66334E2693EB}"
EndProject
Project("{2150E333-8FDC-42A3-9474-1A3956D46DE8}") = "MFC", "MFC", "{35983759-DBEC-4119-ACD7-CEAF563CD94E}"
EndProject
Project("{2150E333-8FDC-42A3-9474-1A3956D46DE8}") = "TCP", "TCP", "{6B442F55-509C-4A21-90B0-D553A137BB96}"
EndProject
Project("{2150E333-8FDC-42A3-9474-1A3956D46DE8}") = "UDP", "UDP", "{274ADD9A-E6A6-4405-B11C-9A626EE1B449}"
EndProject
Project("{2150E333-8FDC-42A3-9474-1A3956D46DE8}") = "网络模型", "网络模型", "{A81A6ED0-8C45-4208-810A-9D257DB30F88}"
EndProject
Project("{2150E333-8FDC-42A3-9474-1A3956D46DE8}") = "Select聊天室", "Select聊天室", "{3818FA2C-3D10-4C9F-BC73-44A312970928}"
EndProject
Project("{2150E333-8FDC-42A3-9474-1A3956D46DE8}") = "数据模式", "数据模式", "{1190D438-9F7A-4F59-8BEB-846C1404D582}"
EndProject
Project("{2150E333-8FDC-42A3-9474-1A3956D46DE8}") = "STL", "STL", "{CAD86016-A44B-4681-AFB0-A32846CC6352}"
EndProject
Project("{2150E333-8FDC-42A3-9474-1A3956D46DE8}") = "数据结构", "数据结构", "{E0582F88-4DD9-476B-96E9-BA0B168F3446}"
EndProject
Project("{2150E333-8FDC-42A3-9474-1A3956D46DE8}") = "链表", "链表", "{B7A1C809-DCB7-482C-84B0-96A72B893B28}"
EndProject
Project("{2150E333-8FDC-42A3-9474-1A3956D46DE8}") = "栈", "栈", "{71A73CD7-8586-4AFD-8C4B-BEB127440F44}"
EndProject
Project("{2150E333-8FDC-42A3-9474-1A3956D46DE8}") = "单链表", "单链表", "{7BD9AE09-A222-42A5-9B25-886992B9816E}"
EndProject
Project("{2150E333-8FDC-42A3-9474-1A3956D46DE8}") = "静态链表", "静态链表", "{166EFD12-E417-42EC-BD60-692FE64A3A40}"
EndProject
Project("{2150E333-8FDC-42A3-9474-1A3956D46DE8}") = "链栈(动态栈)", "链栈(动态栈)", "{4676E412-561A-489D-BD8A-EDAED6098444}"
EndProject
Project("{2150E333-8FDC-42A3-9474-1A3956D46DE8}") = "顺序栈(静态栈)", "顺序栈(静态栈)", "{C1D12CF3-C63D-4DF5-8978-1F7EBC00A093}"
EndProject
Project("{2150E333-8FDC-42A3-9474-1A3956D46DE8}") = "AysncSelect聊天室", "AysncSelect聊天室", "{C74B2C82-3B31-49A2-A090-D3A2DAD29A58}"
EndProject
Project("{2150E333-8FDC-42A3-9474-1A3956D46DE8}") = "WIN32编程", "WIN32编程", "{94179592-C909-4875-963C-91394BE5C002}"
EndProject
Project("{8BC9CEB8-8B4A-11D0-8D11-00A0C91BC942}") = "MsgSer", "MFC\Select聊天室\MsgSer\MsgSer.vcxproj", "{892F3C9B-6335-4608-936B-F2EABE9729C7}"
EndProject
Project("{8BC9CEB8-8B4A-11D0-8D11-00A0C91BC942}") = "Map", "STL\Map\Map.vcxproj", "{D01626D8-6EF8-4B9D-8AF4-E2B618C9697B}"
EndProject
Project("{8BC9CEB8-8B4A-11D0-8D11-00A0C91BC942}") = "JsList", "数据结构\链表\单链表\JsList\JsList.vcxproj", "{7327D3AB-B118-43E4-ADA5-56A6DB512C2E}"
EndProject
Project("{8BC9CEB8-8B4A-11D0-8D11-00A0C91BC942}") = "CurList", "数据结构\链表\静态链表\CurList\CurList.vcxproj", "{17E5C998-B706-4EB1-81E1-4258C3F87225}"
EndProject
Project("{8BC9CEB8-8B4A-11D0-8D11-00A0C91BC942}") = "LinkStack", "数据结构\栈\链栈(动态栈)\LinkStack\LinkStack.vcxproj", "{C88FEE1C-EEBA-427C-83EA-C94CA632BD5A}"
EndProject
Project("{8BC9CEB8-8B4A-11D0-8D11-00A0C91BC942}") = "Stack", "数据结构\栈\顺序栈(静态栈)\Stack\Stack.vcxproj", "{2055D37B-43E4-436F-9E30-BB0FF45E5FDC}"
EndProject
Project("{8BC9CEB8-8B4A-11D0-8D11-00A0C91BC942}") = "JsServer", "MFC\WSAsyncSelect聊天室\JsServer\JsServer.vcxproj", "{E83059A4-76C2-4763-81ED-BAA22C3F8C3E}"
EndProject
Project("{8BC9CEB8-8B4A-11D0-8D11-00A0C91BC942}") = "Demo01", "SDK\Win32编程\位图背景与位图画刷\Demo01\Demo01.vcxproj", "{D808C232-5220-4201-BD8E-0A92E7DE9406}"
EndProject
Project("{8BC9CEB8-8B4A-11D0-8D11-00A0C91BC942}") = "Demo02", "SDK\Win32编程\半透明窗体\Demo02\Demo02.vcxproj", "{9747BFD4-2A6C-4041-8008-B6F023AA8A35}"
EndProject
Project("{2150E333-8FDC-42A3-9474-1A3956D46DE8}") = "位图背景与位图画刷", "位图背景与位图画刷", "{70A8AF0B-9FAC-40B3-A037-21F7AF5CABEF}"
EndProject
Project("{2150E333-8FDC-42A3-9474-1A3956D46DE8}") = "半透明窗体", "半透明窗体", "{6469080B-D0CD-4A87-86CE-ACD8364EB806}"
EndProject
Project("{2150E333-8FDC-42A3-9474-1A3956D46DE8}") = "创建属性页", "创建属性页", "{1227B903-CC36-455F-A4A6-B10CE34796CB}"
EndProject
Project("{8BC9CEB8-8B4A-11D0-8D11-00A0C91BC942}") = "Win32Test", "SDK\Win32编程\创建属性页\Win32Test\Win32Test.vcxproj", "{A33500AB-0739-46E5-B342-A44047AC3E76}"
EndProject
Project("{2150E333-8FDC-42A3-9474-1A3956D46DE8}") = "钩子(鼠标)", "钩子(鼠标)", "{BC28FF38-978B-46B2-B8E4-6B2518D74372}"
EndProject
Project("{8BC9CEB8-8B4A-11D0-8D11-00A0C91BC942}") = "HookKey", "SDK\Win32编程\钩子(鼠标)\HookKey\HookKey.vcxproj", "{679EC6E1-650B-40FE-BBD1-3F57A0B8515A}"
EndProject
Project("{2150E333-8FDC-42A3-9474-1A3956D46DE8}") = "运行时类型识别", "运行时类型识别", "{DA19C2D9-DC04-4EE5-9070-C0B37C72BA11}"
EndProject
Project("{8BC9CEB8-8B4A-11D0-8D11-00A0C91BC942}") = "RTTI1", "SDK\Win32编程\运行时类型识别\RTTI1\RTTI1.vcxproj", "{F58B3AF6-A864-4793-9880-135D17E5AB03}"
EndProject
Project("{2150E333-8FDC-42A3-9474-1A3956D46DE8}") = "网络", "网络", "{E2883622-8FDE-497B-91DE-11B4C05F6AEE}"
EndProject
Project("{2150E333-8FDC-42A3-9474-1A3956D46DE8}") = "自绘", "自绘", "{B5AB4CAA-6B49-42EC-BC3E-43A88A25F664}"
EndProject
Project("{2150E333-8FDC-42A3-9474-1A3956D46DE8}") = "自绘按钮右键消息处理测试", "自绘按钮右键消息处理测试", "{8B71B52D-EFDE-47D7-B848-AC43D78E871B}"
EndProject
Project("{8BC9CEB8-8B4A-11D0-8D11-00A0C91BC942}") = "Demo02", "MFC\自绘按钮\Demo02.vcxproj", "{DE754F08-6329-4703-8081-EA741E54ECE5}"
EndProject
Project("{2150E333-8FDC-42A3-9474-1A3956D46DE8}") = "HotKey练习", "HotKey练习", "{E0FBA285-F896-45A4-9DE6-B76BFCE0A42F}"
EndProject
Project("{8BC9CEB8-8B4A-11D0-8D11-00A0C91BC942}") = "Demo01", "MFC\HotKey练习\Demo01.vcxproj", "{B71BD973-F48A-4ECD-8260-35F980AAC6F5}"
EndProject
Project("{2150E333-8FDC-42A3-9474-1A3956D46DE8}") = "聊天室", "聊天室", "{B5957898-12A7-4AC9-86E6-0BD0A11718D1}"
EndProject
Project("{8BC9CEB8-8B4A-11D0-8D11-00A0C91BC942}") = "Client", "MFC\聊天室\Client\Client.vcxproj", "{9AA476C0-B3A2-4ACC-ACC4-9C77973A3886}"
EndProject
Project("{8BC9CEB8-8B4A-11D0-8D11-00A0C91BC942}") = "Server", "MFC\聊天室\Server\Server.vcxproj", "{B5C70A03-A73A-4481-9E01-DE8D050A3F59}"
EndProject
Project("{2150E333-8FDC-42A3-9474-1A3956D46DE8}") = "俄罗斯方块", "俄罗斯方块", "{899F9BB9-9358-424B-8C23-F1D68ED2C479}"
EndProject
Project("{8BC9CEB8-8B4A-11D0-8D11-00A0C91BC942}") = "Demo01(俄罗斯方块)", "SDK\Win32编程\俄罗斯方块\Demo01.vcxproj", "{6BD8E992-922D-4B6C-99F9-B1730EB3D902}"
EndProject
Project("{2150E333-8FDC-42A3-9474-1A3956D46DE8}") = "按钮子类化实验", "按钮子类化实验", "{F7AFCA15-2681-4EDE-A5F7-CCFAC4A7EFC6}"
EndProject
Project("{8BC9CEB8-8B4A-11D0-8D11-00A0C91BC942}") = "Demo02(zihui)", "SDK\Win32编程\按钮子类化实验\Demo02.vcxproj", "{F51181F4-DFFC-4755-97D1-BC3FC718FA80}"
EndProject
Project("{2150E333-8FDC-42A3-9474-1A3956D46DE8}") = "MDI", "MDI", "{24DD39B7-B43B-4761-A62A-E66929B97DB2}"
EndProject
Project("{8BC9CEB8-8B4A-11D0-8D11-00A0C91BC942}") = "Demo03(MDI)", "SDK\Win32编程\MDI\Demo03(MDI).vcxproj", "{A0AB810F-2B00-4EEE-A18E-64647BF0DE4C}"
EndProject
Project("{2150E333-8FDC-42A3-9474-1A3956D46DE8}") = "DLG练习", "DLG练习", "{578EED1B-9D58-4B9B-9921-D34090EDEE4C}"
EndProject
Project("{8BC9CEB8-8B4A-11D0-8D11-00A0C91BC942}") = "Demo04(DLG)", "SDK\Win32编程\DLG练习\Demo04(DLG).vcxproj", "{D330886F-4775-4898-9BBF-06FBE21FDF85}"
EndProject
Project("{8BC9CEB8-8B4A-11D0-8D11-00A0C91BC942}") = "OnlyList", "数据结构\链表\单链表\OnlyList\OnlyList.vcxproj", "{3FCAB43E-5F8A-48A5-BC28-B8289666BA77}"
EndProject
Project("{2150E333-8FDC-42A3-9474-1A3956D46DE8}") = "树", "树", "{0B9FB7BE-18EB-458E-A026-831B33D2833A}"
EndProject
Project("{2150E333-8FDC-42A3-9474-1A3956D46DE8}") = "二叉树", "二叉树", "{3FBC2AD0-5D68-4751-B24D-D7C85D88F5D7}"
EndProject
Project("{8BC9CEB8-8B4A-11D0-8D11-00A0C91BC942}") = "BinaryTree", "数据结构\树\二叉树\BinaryTree\BinaryTree.vcxproj", "{7DC51941-70EB-4CF8-A558-DF65E8EC28E6}"
EndProject
Project("{2150E333-8FDC-42A3-9474-1A3956D46DE8}") = "孩子表示法", "孩子表示法", "{B9B94245-6BB4-4677-AA9B-C2C07DF88268}"
EndProject
Project("{2150E333-8FDC-42A3-9474-1A3956D46DE8}") = "双亲表示法", "双亲表示法", "{8B6349AA-CB1F-435B-A3AF-D4DCA97EF157}"
EndProject
Project("{2150E333-8FDC-42A3-9474-1A3956D46DE8}") = "线索二叉树", "线索二叉树", "{699CEEC8-4D90-4564-8C02-C458B415A2B7}"
EndProject
Project("{2150E333-8FDC-42A3-9474-1A3956D46DE8}") = "双亲孩子表示法", "双亲孩子表示法", "{0FDD0C82-3941-47E4-8042-54130114E7C3}"
EndProject
Project("{8BC9CEB8-8B4A-11D0-8D11-00A0C91BC942}") = "ChildTree", "数据结构\树\孩子表示法\ChildTree\ChildTree.vcxproj", "{99990F46-B295-4C1E-82C4-9FA0BEAD8DF9}"
EndProject
Project("{8BC9CEB8-8B4A-11D0-8D11-00A0C91BC942}") = "DoubleParentTree", "数据结构\树\双亲表示法\DoubleParentTree\DoubleParentTree.vcxproj", "{6E98F59E-0B1A-46DD-B8BA-F15FCC37E2A9}"
EndProject
Project("{8BC9CEB8-8B4A-11D0-8D11-00A0C91BC942}") = "ParentChildTree", "数据结构\树\双亲孩子表示法\ParentChildTree\ParentChildTree.vcxproj", "{5B9B89E7-9F1E-416F-A003-B738AA2E59BA}"
EndProject
Project("{8BC9CEB8-8B4A-11D0-8D11-00A0C91BC942}") = "IndexBinTree", "数据结构\树\线索二叉树\IndexBinTree\IndexBinTree.vcxproj", "{298950D8-4F0A-448C-9004-CC6746878D8B}"
EndProject
Project("{2150E333-8FDC-42A3-9474-1A3956D46DE8}") = "Http练习", "Http练习", "{1E0E8F89-24D4-4567-9E25-473A576ACC11}"
EndProject
Project("{8BC9CEB8-8B4A-11D0-8D11-00A0C91BC942}") = "Http", "MFC\Http练习\Http.vcxproj", "{2C809FD7-1F63-4087-8E0E-501A14F05C03}"
EndProject
Project("{2150E333-8FDC-42A3-9474-1A3956D46DE8}") = "4策略模式", "4策略模式", "{02EBA800-39BD-498B-8E8D-230436DB6AF3}"
EndProject
Project("{2150E333-8FDC-42A3-9474-1A3956D46DE8}") = "多线程", "多线程", "{69DCEF49-95F6-47E6-9440-716333FDD2E3}"
EndProject
Project("{8BC9CEB8-8B4A-11D0-8D11-00A0C91BC942}") = "CreateThread", "SDK\Win32编程\多线程\CreateThread\CreateThread.vcxproj", "{E3E524AC-2556-4CFF-A622-352610C23581}"
EndProject
Project("{8BC9CEB8-8B4A-11D0-8D11-00A0C91BC942}") = "CriticalSectionThread", "SDK\Win32编程\多线程\CriticalSectionThread\CriticalSectionThread.vcxproj", "{714CBED3-1ACF-4E15-B6C9-13FBE65017FC}"
EndProject
Project("{8BC9CEB8-8B4A-11D0-8D11-00A0C91BC942}") = "CCriticalSectionTread", "SDK\Win32编程\多线程\CCriticalSectionTread\CCriticalSectionTread.vcxproj", "{1076FB2B-7506-4AEC-AEE9-82922668EC0D}"
EndProject
Project("{2150E333-8FDC-42A3-9474-1A3956D46DE8}") = "Select万级模型使用Select_module", "Select万级模型使用Select_module", "{3C065B6F-2EBF-4C0B-A4ED-9EDEA73F8626}"
EndProject
Project("{2150E333-8FDC-42A3-9474-1A3956D46DE8}") = "事件响应模型", "事件响应模型", "{6F1C0616-DDEB-4B42-875B-3C4AC5BF1428}"
EndProject
Project("{8BC9CEB8-8B4A-11D0-8D11-00A0C91BC942}") = "EventModule", "事件响应模型\EventModule\EventModule.vcxproj", "{4B9789A9-7EFD-4C21-9CCC-693581C62D41}"
EndProject
Project("{2150E333-8FDC-42A3-9474-1A3956D46DE8}") = "5访问者模式", "5访问者模式", "{1A8FADC4-E44C-457E-8E3C-C6D81857A3F6}"
EndProject
Project("{2150E333-8FDC-42A3-9474-1A3956D46DE8}") = "算法", "算法", "{BABFDA22-74D1-4FA7-A3C8-493E2B142329}"
EndProject
Project("{2150E333-8FDC-42A3-9474-1A3956D46DE8}") = "冒泡排序", "冒泡排序", "{06C369C8-5687-408C-9CE4-5CEFA8EFC6D2}"
EndProject
Project("{8BC9CEB8-8B4A-11D0-8D11-00A0C91BC942}") = "BubbleSort", "数据结构\算法\冒泡排序\BubbleSort\BubbleSort.vcxproj", "{5634777A-21BC-402E-A473-8E9ADB078671}"
EndProject
Project("{2150E333-8FDC-42A3-9474-1A3956D46DE8}") = "插入排序", "插入排序", "{02106D7D-688D-4943-B7B3-14DBB00BF3A1}"
EndProject
Project("{2150E333-8FDC-42A3-9474-1A3956D46DE8}") = "选择排序", "选择排序", "{1D91A5FC-E12F-4D3F-AD34-3AC570940FBA}"
EndProject
Project("{2150E333-8FDC-42A3-9474-1A3956D46DE8}") = "归并排序", "归并排序", "{A9F00736-8CFC-42B5-AB2B-B7A454A91BA1}"
EndProject
Project("{2150E333-8FDC-42A3-9474-1A3956D46DE8}") = "二分查找", "二分查找", "{508B9C94-BD91-45C4-96CC-355A9FF24E66}"
EndProject
Project("{2150E333-8FDC-42A3-9474-1A3956D46DE8}") = "排序", "排序", "{96075C1D-0668-481D-8E6D-3398133C65F9}"
EndProject
Project("{2150E333-8FDC-42A3-9474-1A3956D46DE8}") = "查找", "查找", "{384DA27F-F2A6-4E51-9EA0-50624274EEBE}"
EndProject
Project("{2150E333-8FDC-42A3-9474-1A3956D46DE8}") = "桶排序", "桶排序", "{94C48E6D-0DE7-49C1-A76C-E38646859E96}"
EndProject
Project("{2150E333-8FDC-42A3-9474-1A3956D46DE8}") = "快速排序", "快速排序", "{3BF44E0E-9D61-4A47-94A9-52F29942F5EF}"
EndProject
Project("{8BC9CEB8-8B4A-11D0-8D11-00A0C91BC942}") = "InsertSort", "数据结构\算法\插入排序\InsertSort\InsertSort.vcxproj", "{02CB6188-C1B7-4224-8B0D-7870B6BC83F3}"
EndProject
Project("{2150E333-8FDC-42A3-9474-1A3956D46DE8}") = "多线程", "多线程", "{5D963EFC-B099-47B6-8407-9B092F17EA3F}"
EndProject
Project("{2150E333-8FDC-42A3-9474-1A3956D46DE8}") = "初探线程", "初探线程", "{39205295-2257-484D-A084-826966415772}"
EndProject
Project("{8BC9CEB8-8B4A-11D0-8D11-00A0C91BC942}") = "ThreadTest01", "SDK\多线程\初探线程\ThreadTest01\ThreadTest01.vcxproj", "{17E48BBC-F86D-48EA-861E-C24BA7ED779E}"
EndProject
Project("{2150E333-8FDC-42A3-9474-1A3956D46DE8}") = "网络", "网络", "{F8E8B6A2-4192-459C-A12E-A36E3ADF7EE8}"
EndProject
Project("{8BC9CEB8-8B4A-11D0-8D11-00A0C91BC942}") = "TcpServer", "SDK\网络\TCP\TcpServer\TcpServer.vcxproj", "{AEF8BB27-838C-4115-92FA-FFB8759AD04B}"
EndProject
Project("{8BC9CEB8-8B4A-11D0-8D11-00A0C91BC942}") = "TcpClient", "SDK\网络\TCP\TcpClient\TcpClient.vcxproj", "{A23320AB-4815-4B9D-9E2F-6D678916B7C4}"
EndProject
Project("{8BC9CEB8-8B4A-11D0-8D11-00A0C91BC942}") = "UdpServer", "SDK\网络\UDP\UdpServer\UdpServer.vcxproj", "{64D73FEB-BDE5-4656-8F6C-86AED0817A12}"
EndProject
Project("{8BC9CEB8-8B4A-11D0-8D11-00A0C91BC942}") = "UdpClient", "SDK\网络\UDP\UdpClient\UdpClient.vcxproj", "{BA377880-03B5-42DB-B3D8-412920AB1FED}"
EndProject
Project("{8BC9CEB8-8B4A-11D0-8D11-00A0C91BC942}") = "EventSelect", "SDK\网络\网络模型\EventSelect\EventSelect.vcxproj", "{E4CDF673-CD5D-40BA-AC1E-BDF552294B97}"
EndProject
Project("{8BC9CEB8-8B4A-11D0-8D11-00A0C91BC942}") = "IOCP", "SDK\网络\网络模型\IOCP\IOCP.vcxproj", "{8A614696-3408-4EB8-8BBD-204D8EF78993}"
EndProject
Project("{8BC9CEB8-8B4A-11D0-8D11-00A0C91BC942}") = "Select1", "SDK\网络\网络模型\Select1\Select1.vcxproj", "{520FB155-16EB-4661-A68D-B22D9AA9A16A}"
EndProject
Project("{8BC9CEB8-8B4A-11D0-8D11-00A0C91BC942}") = "Select2", "SDK\网络\网络模型\Select2\Select2.vcxproj", "{18359497-CB2D-4582-AFC3-3C231533E98D}"
EndProject
Project("{8BC9CEB8-8B4A-11D0-8D11-00A0C91BC942}") = "Win32AsyncSelect", "SDK\网络\网络模型\Win32AsyncSelect\Win32AsyncSelect.vcxproj", "{EC3353B5-75F8-4946-B41B-821F70070A92}"
EndProject
Project("{8BC9CEB8-8B4A-11D0-8D11-00A0C91BC942}") = "Select", "SDK\网络\网络模型\Select\Select.vcxproj", "{31B8E084-E578-40C6-B500-60E812901ADB}"
EndProject
Project("{8BC9CEB8-8B4A-11D0-8D11-00A0C91BC942}") = "TCPSelectClient", "SDK\网络\网络模型\Select_module\TCPSelectClient\TCPSelectClient.vcxproj", "{81BE5CAD-BB08-4DF6-B30E-FDF77395E3AA}"
EndProject
Project("{8BC9CEB8-8B4A-11D0-8D11-00A0C91BC942}") = "TCPSelectServer", "SDK\网络\网络模型\Select_module\TCPSelectServer\TCPSelectServer.vcxproj", "{EF2E0117-C061-4086-A828-84950FA1C219}"
EndProject
Project("{2150E333-8FDC-42A3-9474-1A3956D46DE8}") = "实例", "实例", "{11B37CB9-0614-4FC8-920B-1C0323946B87}"
EndProject
Project("{2150E333-8FDC-42A3-9474-1A3956D46DE8}") = "1从服务器上传给客户端文件", "1从服务器上传给客户端文件", "{4F8B5793-E9C4-451D-9DE1-B9B0D8888791}"
EndProject
Project("{8BC9CEB8-8B4A-11D0-8D11-00A0C91BC942}") = "server", "SDK\网络\实例\1从服务器上传给客户端文件\server\server.vcxproj", "{B5FC6880-228A-4573-8623-B2915A99DD46}"
EndProject
Project("{8BC9CEB8-8B4A-11D0-8D11-00A0C91BC942}") = "client", "SDK\网络\实例\1从服务器上传给客户端文件\client\client.vcxproj", "{DBC18680-76DA-4A81-9093-2C333140CB94}"
EndProject
Project("{2150E333-8FDC-42A3-9474-1A3956D46DE8}") = "2通过域名获取IP", "2通过域名获取IP", "{606AC15D-8FDD-4ABB-942D-7390EBB0190D}"
EndProject
Project("{8BC9CEB8-8B4A-11D0-8D11-00A0C91BC942}") = "Domain", "SDK\网络\实例\2通过域名获取IP\Domain\Domain.vcxproj", "{F2CB7E62-6012-4E80-AC0C-E9F3CF324E71}"
EndProject
Project("{2150E333-8FDC-42A3-9474-1A3956D46DE8}") = "线程池", "线程池", "{995D0FDE-088C-4D46-B2D0-5925D6C54318}"
EndProject
Project("{8BC9CEB8-8B4A-11D0-8D11-00A0C91BC942}") = "TaskThread", "SDK\多线程\线程池\TaskThread\TaskThread.vcxproj", "{BDF3A9BB-0E9F-4F05-8B17-94BA64FC229D}"
EndProject
Project("{2150E333-8FDC-42A3-9474-1A3956D46DE8}") = "网络案例练习", "网络案例练习", "{2114A19E-91B0-4CFC-9329-751EA3C96734}"
EndProject
Project("{2150E333-8FDC-42A3-9474-1A3956D46DE8}") = "8网络文件传输器", "8网络文件传输器", "{A67D8FD5-B11A-46F4-BEF3-2601D25BAC4A}"
EndProject
Project("{8BC9CEB8-8B4A-11D0-8D11-00A0C91BC942}") = "server", "MFC\网络案例练习\网络文件传输器\server\server.vcxproj", "{A57EDDD6-6CD0-4CC7-A597-CD04F6FD95FF}"
EndProject
Project("{2150E333-8FDC-42A3-9474-1A3956D46DE8}") = "1创建型4种", "1创建型4种", "{CF3F89BB-0353-4BE3-8BE9-30411A262608}"
EndProject
Project("{2150E333-8FDC-42A3-9474-1A3956D46DE8}") = "2结构性", "2结构性", "{44F7A35D-6DD1-4290-BEE9-A20D8A39A962}"
EndProject
Project("{2150E333-8FDC-42A3-9474-1A3956D46DE8}") = "3行为型", "3行为型", "{4B1212B5-8140-4988-9A8C-B0FB8F5E0EAC}"
EndProject
Project("{2150E333-8FDC-42A3-9474-1A3956D46DE8}") = "1观察者模式", "1观察者模式", "{824485C4-42BB-43DD-9E0D-2142E5747118}"
EndProject
Project("{2150E333-8FDC-42A3-9474-1A3956D46DE8}") = "1工厂方法", "1工厂方法", "{764F03DB-184B-40C9-853F-89683F1557D6}"
EndProject
Project("{2150E333-8FDC-42A3-9474-1A3956D46DE8}") = "2抽象工厂", "2抽象工厂", "{284E3664-DB13-4447-9D82-110A692C2D7E}"
EndProject
Project("{2150E333-8FDC-42A3-9474-1A3956D46DE8}") = "3单例", "3单例", "{981D5031-3873-46CC-99D8-1ABF091E51C5}"
EndProject
Project("{2150E333-8FDC-42A3-9474-1A3956D46DE8}") = "4原型", "4原型", "{97AC38DC-11CD-4473-AA11-C3EA49ED3757}"
EndProject
Project("{8BC9CEB8-8B4A-11D0-8D11-00A0C91BC942}") = "Factory1", "数据模式\1创建型4种\1工厂方法\Factory1\Factory1.vcxproj", "{03F7198C-D0F2-4AB7-B04B-4A0D32B2D141}"
EndProject
Project("{8BC9CEB8-8B4A-11D0-8D11-00A0C91BC942}") = "abstractFactory", "数据模式\1创建型4种\2抽象工厂\abstractFactory\abstractFactory.vcxproj", "{15CFFB1B-3444-4F1E-AF66-C5B98ACECAF5}"
EndProject
Project("{8BC9CEB8-8B4A-11D0-8D11-00A0C91BC942}") = "Prototype", "数据模式\1创建型4种\4原型\Prototype\Prototype.vcxproj", "{D9FFE73E-68ED-4885-93DC-6F97927BDAD7}"
EndProject
Project("{2150E333-8FDC-42A3-9474-1A3956D46DE8}") = "5建造者", "5建造者", "{47DAE72A-E8A3-4BE0-B46F-655980BC81F5}"
EndProject
Project("{2150E333-8FDC-42A3-9474-1A3956D46DE8}") = "打造系统", "打造系统", "{DCF08649-AFD6-4E52-A804-6BE8B3757958}"
EndProject
Project("{2150E333-8FDC-42A3-9474-1A3956D46DE8}") = "1MBR", "1MBR", "{40AB07FC-2DF7-44D8-8901-1656C2EAC9A2}"
EndProject
Project("{8BC9CEB8-8B4A-11D0-8D11-00A0C91BC942}") = "OSMain", "打造系统\OSMain\OSMain.vcxproj", "{C97AE8B1-126D-4079-A6FD-63A37DAFC57E}"
EndProject
Project("{2150E333-8FDC-42A3-9474-1A3956D46DE8}") = "C++11", "C++11", "{C954262E-C57C-47F6-A511-251FB66AE224}"
EndProject
Project("{8BC9CEB8-8B4A-11D0-8D11-00A0C91BC942}") = "ThreadC11", "SDK\多线程\C++11多线程\ThreadC11\ThreadC11.vcxproj", "{5D6E30C9-7EA1-4320-8ED5-DBCAC2D17C4D}"
EndProject
Project("{8BC9CEB8-8B4A-11D0-8D11-00A0C91BC942}") = "Observer", "数据模式\3行为型\1观察者模式\Observer\Observer.vcxproj", "{05422EB8-65AB-4F59-9049-09C3E8C83AE9}"
EndProject
Project("{2150E333-8FDC-42A3-9474-1A3956D46DE8}") = "1装饰器模式", "1装饰器模式", "{20ED15C3-FD69-476A-B5AE-637B63E2BDE9}"
EndProject
Project("{8BC9CEB8-8B4A-11D0-8D11-00A0C91BC942}") = "Decorator", "数据模式\2结构性\1装饰器模式\Decorator\Decorator.vcxproj", "{28E6984F-9D42-4ADB-89E5-F63B44F71076}"
EndProject
Project("{8BC9CEB8-8B4A-11D0-8D11-00A0C91BC942}") = "InstanceMain", "数据模式\1创建型4种\3单例\InstanceMain\InstanceMain.vcxproj", "{B139C7A5-D1D4-43FA-9EDA-6728F3D4F67C}"
EndProject
Project("{8BC9CEB8-8B4A-11D0-8D11-00A0C91BC942}") = "Strategy", "数据模式\3行为型\4策略模式\Strategy\Strategy.vcxproj", "{1891A14B-F2DE-4AB9-9E96-769CC60CA615}"
EndProject
Project("{8BC9CEB8-8B4A-11D0-8D11-00A0C91BC942}") = "Visitor", "数据模式\3行为型\5访问者模式\Visitor\Visitor.vcxproj", "{84C0EE2A-DE2F-4A44-A258-BFBD87B833FC}"
EndProject
Project("{2150E333-8FDC-42A3-9474-1A3956D46DE8}") = "多线程", "多线程", "{D33055C7-7007-4C82-BF96-983E12D50221}"
EndProject
Project("{2150E333-8FDC-42A3-9474-1A3956D46DE8}") = "1线程间通信", "1线程间通信", "{BE4A70DC-EBC0-43D9-8432-0088ED5CE9D4}"
EndProject
Project("{8BC9CEB8-8B4A-11D0-8D11-00A0C91BC942}") = "ThreadMsg", "MFC\多线程\1线程间通信\ThreadMsg\ThreadMsg.vcxproj", "{25E1D253-7725-44CF-9F7C-F419571502FB}"
EndProject
Global
	GlobalSection(SolutionConfigurationPlatforms) = preSolution
		Debug|Win32 = Debug|Win32
		Debug|x64 = Debug|x64
		Release|Win32 = Release|Win32
		Release|x64 = Release|x64
	EndGlobalSection
	GlobalSection(ProjectConfigurationPlatforms) = postSolution
		{892F3C9B-6335-4608-936B-F2EABE9729C7}.Debug|Win32.ActiveCfg = Debug|Win32
		{892F3C9B-6335-4608-936B-F2EABE9729C7}.Debug|Win32.Build.0 = Debug|Win32
		{892F3C9B-6335-4608-936B-F2EABE9729C7}.Debug|x64.ActiveCfg = Debug|Win32
		{892F3C9B-6335-4608-936B-F2EABE9729C7}.Release|Win32.ActiveCfg = Release|Win32
		{892F3C9B-6335-4608-936B-F2EABE9729C7}.Release|Win32.Build.0 = Release|Win32
		{892F3C9B-6335-4608-936B-F2EABE9729C7}.Release|x64.ActiveCfg = Release|Win32
		{D01626D8-6EF8-4B9D-8AF4-E2B618C9697B}.Debug|Win32.ActiveCfg = Debug|Win32
		{D01626D8-6EF8-4B9D-8AF4-E2B618C9697B}.Debug|Win32.Build.0 = Debug|Win32
		{D01626D8-6EF8-4B9D-8AF4-E2B618C9697B}.Debug|x64.ActiveCfg = Debug|Win32
		{D01626D8-6EF8-4B9D-8AF4-E2B618C9697B}.Release|Win32.ActiveCfg = Release|Win32
		{D01626D8-6EF8-4B9D-8AF4-E2B618C9697B}.Release|Win32.Build.0 = Release|Win32
		{D01626D8-6EF8-4B9D-8AF4-E2B618C9697B}.Release|x64.ActiveCfg = Release|Win32
		{7327D3AB-B118-43E4-ADA5-56A6DB512C2E}.Debug|Win32.ActiveCfg = Debug|Win32
		{7327D3AB-B118-43E4-ADA5-56A6DB512C2E}.Debug|Win32.Build.0 = Debug|Win32
		{7327D3AB-B118-43E4-ADA5-56A6DB512C2E}.Debug|x64.ActiveCfg = Debug|Win32
		{7327D3AB-B118-43E4-ADA5-56A6DB512C2E}.Release|Win32.ActiveCfg = Release|Win32
		{7327D3AB-B118-43E4-ADA5-56A6DB512C2E}.Release|Win32.Build.0 = Release|Win32
		{7327D3AB-B118-43E4-ADA5-56A6DB512C2E}.Release|x64.ActiveCfg = Release|Win32
		{17E5C998-B706-4EB1-81E1-4258C3F87225}.Debug|Win32.ActiveCfg = Debug|Win32
		{17E5C998-B706-4EB1-81E1-4258C3F87225}.Debug|Win32.Build.0 = Debug|Win32
		{17E5C998-B706-4EB1-81E1-4258C3F87225}.Debug|x64.ActiveCfg = Debug|Win32
		{17E5C998-B706-4EB1-81E1-4258C3F87225}.Release|Win32.ActiveCfg = Release|Win32
		{17E5C998-B706-4EB1-81E1-4258C3F87225}.Release|Win32.Build.0 = Release|Win32
		{17E5C998-B706-4EB1-81E1-4258C3F87225}.Release|x64.ActiveCfg = Release|Win32
		{C88FEE1C-EEBA-427C-83EA-C94CA632BD5A}.Debug|Win32.ActiveCfg = Debug|Win32
		{C88FEE1C-EEBA-427C-83EA-C94CA632BD5A}.Debug|Win32.Build.0 = Debug|Win32
		{C88FEE1C-EEBA-427C-83EA-C94CA632BD5A}.Debug|x64.ActiveCfg = Debug|Win32
		{C88FEE1C-EEBA-427C-83EA-C94CA632BD5A}.Release|Win32.ActiveCfg = Release|Win32
		{C88FEE1C-EEBA-427C-83EA-C94CA632BD5A}.Release|Win32.Build.0 = Release|Win32
		{C88FEE1C-EEBA-427C-83EA-C94CA632BD5A}.Release|x64.ActiveCfg = Release|Win32
		{2055D37B-43E4-436F-9E30-BB0FF45E5FDC}.Debug|Win32.ActiveCfg = Debug|Win32
		{2055D37B-43E4-436F-9E30-BB0FF45E5FDC}.Debug|Win32.Build.0 = Debug|Win32
		{2055D37B-43E4-436F-9E30-BB0FF45E5FDC}.Debug|x64.ActiveCfg = Debug|Win32
		{2055D37B-43E4-436F-9E30-BB0FF45E5FDC}.Release|Win32.ActiveCfg = Release|Win32
		{2055D37B-43E4-436F-9E30-BB0FF45E5FDC}.Release|Win32.Build.0 = Release|Win32
		{2055D37B-43E4-436F-9E30-BB0FF45E5FDC}.Release|x64.ActiveCfg = Release|Win32
		{E83059A4-76C2-4763-81ED-BAA22C3F8C3E}.Debug|Win32.ActiveCfg = Debug|Win32
		{E83059A4-76C2-4763-81ED-BAA22C3F8C3E}.Debug|Win32.Build.0 = Debug|Win32
		{E83059A4-76C2-4763-81ED-BAA22C3F8C3E}.Debug|x64.ActiveCfg = Debug|Win32
		{E83059A4-76C2-4763-81ED-BAA22C3F8C3E}.Release|Win32.ActiveCfg = Release|Win32
		{E83059A4-76C2-4763-81ED-BAA22C3F8C3E}.Release|Win32.Build.0 = Release|Win32
		{E83059A4-76C2-4763-81ED-BAA22C3F8C3E}.Release|x64.ActiveCfg = Release|Win32
		{D808C232-5220-4201-BD8E-0A92E7DE9406}.Debug|Win32.ActiveCfg = Debug|Win32
		{D808C232-5220-4201-BD8E-0A92E7DE9406}.Debug|Win32.Build.0 = Debug|Win32
		{D808C232-5220-4201-BD8E-0A92E7DE9406}.Debug|x64.ActiveCfg = Debug|Win32
		{D808C232-5220-4201-BD8E-0A92E7DE9406}.Release|Win32.ActiveCfg = Release|Win32
		{D808C232-5220-4201-BD8E-0A92E7DE9406}.Release|Win32.Build.0 = Release|Win32
		{D808C232-5220-4201-BD8E-0A92E7DE9406}.Release|x64.ActiveCfg = Release|Win32
		{9747BFD4-2A6C-4041-8008-B6F023AA8A35}.Debug|Win32.ActiveCfg = Debug|Win32
		{9747BFD4-2A6C-4041-8008-B6F023AA8A35}.Debug|Win32.Build.0 = Debug|Win32
		{9747BFD4-2A6C-4041-8008-B6F023AA8A35}.Debug|x64.ActiveCfg = Debug|Win32
		{9747BFD4-2A6C-4041-8008-B6F023AA8A35}.Release|Win32.ActiveCfg = Release|Win32
		{9747BFD4-2A6C-4041-8008-B6F023AA8A35}.Release|Win32.Build.0 = Release|Win32
		{9747BFD4-2A6C-4041-8008-B6F023AA8A35}.Release|x64.ActiveCfg = Release|Win32
		{A33500AB-0739-46E5-B342-A44047AC3E76}.Debug|Win32.ActiveCfg = Debug|Win32
		{A33500AB-0739-46E5-B342-A44047AC3E76}.Debug|Win32.Build.0 = Debug|Win32
		{A33500AB-0739-46E5-B342-A44047AC3E76}.Debug|x64.ActiveCfg = Debug|Win32
		{A33500AB-0739-46E5-B342-A44047AC3E76}.Release|Win32.ActiveCfg = Release|Win32
		{A33500AB-0739-46E5-B342-A44047AC3E76}.Release|Win32.Build.0 = Release|Win32
		{A33500AB-0739-46E5-B342-A44047AC3E76}.Release|x64.ActiveCfg = Release|Win32
		{679EC6E1-650B-40FE-BBD1-3F57A0B8515A}.Debug|Win32.ActiveCfg = Debug|Win32
		{679EC6E1-650B-40FE-BBD1-3F57A0B8515A}.Debug|Win32.Build.0 = Debug|Win32
		{679EC6E1-650B-40FE-BBD1-3F57A0B8515A}.Debug|x64.ActiveCfg = Debug|Win32
		{679EC6E1-650B-40FE-BBD1-3F57A0B8515A}.Release|Win32.ActiveCfg = Release|Win32
		{679EC6E1-650B-40FE-BBD1-3F57A0B8515A}.Release|Win32.Build.0 = Release|Win32
		{679EC6E1-650B-40FE-BBD1-3F57A0B8515A}.Release|x64.ActiveCfg = Release|Win32
		{F58B3AF6-A864-4793-9880-135D17E5AB03}.Debug|Win32.ActiveCfg = Debug|Win32
		{F58B3AF6-A864-4793-9880-135D17E5AB03}.Debug|Win32.Build.0 = Debug|Win32
		{F58B3AF6-A864-4793-9880-135D17E5AB03}.Debug|x64.ActiveCfg = Debug|Win32
		{F58B3AF6-A864-4793-9880-135D17E5AB03}.Release|Win32.ActiveCfg = Release|Win32
		{F58B3AF6-A864-4793-9880-135D17E5AB03}.Release|Win32.Build.0 = Release|Win32
		{F58B3AF6-A864-4793-9880-135D17E5AB03}.Release|x64.ActiveCfg = Release|Win32
		{DE754F08-6329-4703-8081-EA741E54ECE5}.Debug|Win32.ActiveCfg = Debug|Win32
		{DE754F08-6329-4703-8081-EA741E54ECE5}.Debug|Win32.Build.0 = Debug|Win32
		{DE754F08-6329-4703-8081-EA741E54ECE5}.Debug|x64.ActiveCfg = Debug|Win32
		{DE754F08-6329-4703-8081-EA741E54ECE5}.Release|Win32.ActiveCfg = Release|Win32
		{DE754F08-6329-4703-8081-EA741E54ECE5}.Release|Win32.Build.0 = Release|Win32
		{DE754F08-6329-4703-8081-EA741E54ECE5}.Release|x64.ActiveCfg = Release|Win32
		{B71BD973-F48A-4ECD-8260-35F980AAC6F5}.Debug|Win32.ActiveCfg = Debug|Win32
		{B71BD973-F48A-4ECD-8260-35F980AAC6F5}.Debug|Win32.Build.0 = Debug|Win32
		{B71BD973-F48A-4ECD-8260-35F980AAC6F5}.Debug|x64.ActiveCfg = Debug|Win32
		{B71BD973-F48A-4ECD-8260-35F980AAC6F5}.Release|Win32.ActiveCfg = Release|Win32
		{B71BD973-F48A-4ECD-8260-35F980AAC6F5}.Release|Win32.Build.0 = Release|Win32
		{B71BD973-F48A-4ECD-8260-35F980AAC6F5}.Release|x64.ActiveCfg = Release|Win32
		{9AA476C0-B3A2-4ACC-ACC4-9C77973A3886}.Debug|Win32.ActiveCfg = Debug|Win32
		{9AA476C0-B3A2-4ACC-ACC4-9C77973A3886}.Debug|Win32.Build.0 = Debug|Win32
		{9AA476C0-B3A2-4ACC-ACC4-9C77973A3886}.Debug|x64.ActiveCfg = Debug|Win32
		{9AA476C0-B3A2-4ACC-ACC4-9C77973A3886}.Release|Win32.ActiveCfg = Release|Win32
		{9AA476C0-B3A2-4ACC-ACC4-9C77973A3886}.Release|Win32.Build.0 = Release|Win32
		{9AA476C0-B3A2-4ACC-ACC4-9C77973A3886}.Release|x64.ActiveCfg = Release|Win32
		{B5C70A03-A73A-4481-9E01-DE8D050A3F59}.Debug|Win32.ActiveCfg = Debug|Win32
		{B5C70A03-A73A-4481-9E01-DE8D050A3F59}.Debug|Win32.Build.0 = Debug|Win32
		{B5C70A03-A73A-4481-9E01-DE8D050A3F59}.Debug|x64.ActiveCfg = Debug|Win32
		{B5C70A03-A73A-4481-9E01-DE8D050A3F59}.Release|Win32.ActiveCfg = Release|Win32
		{B5C70A03-A73A-4481-9E01-DE8D050A3F59}.Release|Win32.Build.0 = Release|Win32
		{B5C70A03-A73A-4481-9E01-DE8D050A3F59}.Release|x64.ActiveCfg = Release|Win32
		{6BD8E992-922D-4B6C-99F9-B1730EB3D902}.Debug|Win32.ActiveCfg = Debug|Win32
		{6BD8E992-922D-4B6C-99F9-B1730EB3D902}.Debug|Win32.Build.0 = Debug|Win32
		{6BD8E992-922D-4B6C-99F9-B1730EB3D902}.Debug|x64.ActiveCfg = Debug|Win32
		{6BD8E992-922D-4B6C-99F9-B1730EB3D902}.Release|Win32.ActiveCfg = Release|Win32
		{6BD8E992-922D-4B6C-99F9-B1730EB3D902}.Release|Win32.Build.0 = Release|Win32
		{6BD8E992-922D-4B6C-99F9-B1730EB3D902}.Release|x64.ActiveCfg = Release|Win32
		{F51181F4-DFFC-4755-97D1-BC3FC718FA80}.Debug|Win32.ActiveCfg = Debug|Win32
		{F51181F4-DFFC-4755-97D1-BC3FC718FA80}.Debug|Win32.Build.0 = Debug|Win32
		{F51181F4-DFFC-4755-97D1-BC3FC718FA80}.Debug|x64.ActiveCfg = Debug|Win32
		{F51181F4-DFFC-4755-97D1-BC3FC718FA80}.Release|Win32.ActiveCfg = Release|Win32
		{F51181F4-DFFC-4755-97D1-BC3FC718FA80}.Release|Win32.Build.0 = Release|Win32
		{F51181F4-DFFC-4755-97D1-BC3FC718FA80}.Release|x64.ActiveCfg = Release|Win32
		{A0AB810F-2B00-4EEE-A18E-64647BF0DE4C}.Debug|Win32.ActiveCfg = Debug|Win32
		{A0AB810F-2B00-4EEE-A18E-64647BF0DE4C}.Debug|Win32.Build.0 = Debug|Win32
		{A0AB810F-2B00-4EEE-A18E-64647BF0DE4C}.Debug|x64.ActiveCfg = Debug|Win32
		{A0AB810F-2B00-4EEE-A18E-64647BF0DE4C}.Release|Win32.ActiveCfg = Release|Win32
		{A0AB810F-2B00-4EEE-A18E-64647BF0DE4C}.Release|Win32.Build.0 = Release|Win32
		{A0AB810F-2B00-4EEE-A18E-64647BF0DE4C}.Release|x64.ActiveCfg = Release|Win32
		{D330886F-4775-4898-9BBF-06FBE21FDF85}.Debug|Win32.ActiveCfg = Debug|Win32
		{D330886F-4775-4898-9BBF-06FBE21FDF85}.Debug|Win32.Build.0 = Debug|Win32
		{D330886F-4775-4898-9BBF-06FBE21FDF85}.Debug|x64.ActiveCfg = Debug|Win32
		{D330886F-4775-4898-9BBF-06FBE21FDF85}.Release|Win32.ActiveCfg = Release|Win32
		{D330886F-4775-4898-9BBF-06FBE21FDF85}.Release|Win32.Build.0 = Release|Win32
		{D330886F-4775-4898-9BBF-06FBE21FDF85}.Release|x64.ActiveCfg = Release|Win32
		{3FCAB43E-5F8A-48A5-BC28-B8289666BA77}.Debug|Win32.ActiveCfg = Debug|Win32
		{3FCAB43E-5F8A-48A5-BC28-B8289666BA77}.Debug|Win32.Build.0 = Debug|Win32
		{3FCAB43E-5F8A-48A5-BC28-B8289666BA77}.Debug|x64.ActiveCfg = Debug|Win32
		{3FCAB43E-5F8A-48A5-BC28-B8289666BA77}.Release|Win32.ActiveCfg = Release|Win32
		{3FCAB43E-5F8A-48A5-BC28-B8289666BA77}.Release|Win32.Build.0 = Release|Win32
		{3FCAB43E-5F8A-48A5-BC28-B8289666BA77}.Release|x64.ActiveCfg = Release|Win32
		{7DC51941-70EB-4CF8-A558-DF65E8EC28E6}.Debug|Win32.ActiveCfg = Debug|Win32
		{7DC51941-70EB-4CF8-A558-DF65E8EC28E6}.Debug|Win32.Build.0 = Debug|Win32
		{7DC51941-70EB-4CF8-A558-DF65E8EC28E6}.Debug|x64.ActiveCfg = Debug|Win32
		{7DC51941-70EB-4CF8-A558-DF65E8EC28E6}.Release|Win32.ActiveCfg = Release|Win32
		{7DC51941-70EB-4CF8-A558-DF65E8EC28E6}.Release|Win32.Build.0 = Release|Win32
		{7DC51941-70EB-4CF8-A558-DF65E8EC28E6}.Release|x64.ActiveCfg = Release|Win32
		{99990F46-B295-4C1E-82C4-9FA0BEAD8DF9}.Debug|Win32.ActiveCfg = Debug|Win32
		{99990F46-B295-4C1E-82C4-9FA0BEAD8DF9}.Debug|Win32.Build.0 = Debug|Win32
		{99990F46-B295-4C1E-82C4-9FA0BEAD8DF9}.Debug|x64.ActiveCfg = Debug|Win32
		{99990F46-B295-4C1E-82C4-9FA0BEAD8DF9}.Release|Win32.ActiveCfg = Release|Win32
		{99990F46-B295-4C1E-82C4-9FA0BEAD8DF9}.Release|Win32.Build.0 = Release|Win32
		{99990F46-B295-4C1E-82C4-9FA0BEAD8DF9}.Release|x64.ActiveCfg = Release|Win32
		{6E98F59E-0B1A-46DD-B8BA-F15FCC37E2A9}.Debug|Win32.ActiveCfg = Debug|Win32
		{6E98F59E-0B1A-46DD-B8BA-F15FCC37E2A9}.Debug|Win32.Build.0 = Debug|Win32
		{6E98F59E-0B1A-46DD-B8BA-F15FCC37E2A9}.Debug|x64.ActiveCfg = Debug|Win32
		{6E98F59E-0B1A-46DD-B8BA-F15FCC37E2A9}.Release|Win32.ActiveCfg = Release|Win32
		{6E98F59E-0B1A-46DD-B8BA-F15FCC37E2A9}.Release|Win32.Build.0 = Release|Win32
		{6E98F59E-0B1A-46DD-B8BA-F15FCC37E2A9}.Release|x64.ActiveCfg = Release|Win32
		{5B9B89E7-9F1E-416F-A003-B738AA2E59BA}.Debug|Win32.ActiveCfg = Debug|Win32
		{5B9B89E7-9F1E-416F-A003-B738AA2E59BA}.Debug|Win32.Build.0 = Debug|Win32
		{5B9B89E7-9F1E-416F-A003-B738AA2E59BA}.Debug|x64.ActiveCfg = Debug|Win32
		{5B9B89E7-9F1E-416F-A003-B738AA2E59BA}.Release|Win32.ActiveCfg = Release|Win32
		{5B9B89E7-9F1E-416F-A003-B738AA2E59BA}.Release|Win32.Build.0 = Release|Win32
		{5B9B89E7-9F1E-416F-A003-B738AA2E59BA}.Release|x64.ActiveCfg = Release|Win32
		{298950D8-4F0A-448C-9004-CC6746878D8B}.Debug|Win32.ActiveCfg = Debug|Win32
		{298950D8-4F0A-448C-9004-CC6746878D8B}.Debug|Win32.Build.0 = Debug|Win32
		{298950D8-4F0A-448C-9004-CC6746878D8B}.Debug|x64.ActiveCfg = Debug|Win32
		{298950D8-4F0A-448C-9004-CC6746878D8B}.Release|Win32.ActiveCfg = Release|Win32
		{298950D8-4F0A-448C-9004-CC6746878D8B}.Release|Win32.Build.0 = Release|Win32
		{298950D8-4F0A-448C-9004-CC6746878D8B}.Release|x64.ActiveCfg = Release|Win32
		{2C809FD7-1F63-4087-8E0E-501A14F05C03}.Debug|Win32.ActiveCfg = Debug|Win32
		{2C809FD7-1F63-4087-8E0E-501A14F05C03}.Debug|Win32.Build.0 = Debug|Win32
		{2C809FD7-1F63-4087-8E0E-501A14F05C03}.Debug|x64.ActiveCfg = Debug|Win32
		{2C809FD7-1F63-4087-8E0E-501A14F05C03}.Release|Win32.ActiveCfg = Release|Win32
		{2C809FD7-1F63-4087-8E0E-501A14F05C03}.Release|Win32.Build.0 = Release|Win32
		{2C809FD7-1F63-4087-8E0E-501A14F05C03}.Release|x64.ActiveCfg = Release|Win32
		{E3E524AC-2556-4CFF-A622-352610C23581}.Debug|Win32.ActiveCfg = Debug|Win32
		{E3E524AC-2556-4CFF-A622-352610C23581}.Debug|Win32.Build.0 = Debug|Win32
		{E3E524AC-2556-4CFF-A622-352610C23581}.Debug|x64.ActiveCfg = Debug|Win32
		{E3E524AC-2556-4CFF-A622-352610C23581}.Release|Win32.ActiveCfg = Release|Win32
		{E3E524AC-2556-4CFF-A622-352610C23581}.Release|Win32.Build.0 = Release|Win32
		{E3E524AC-2556-4CFF-A622-352610C23581}.Release|x64.ActiveCfg = Release|Win32
		{714CBED3-1ACF-4E15-B6C9-13FBE65017FC}.Debug|Win32.ActiveCfg = Debug|Win32
		{714CBED3-1ACF-4E15-B6C9-13FBE65017FC}.Debug|Win32.Build.0 = Debug|Win32
		{714CBED3-1ACF-4E15-B6C9-13FBE65017FC}.Debug|x64.ActiveCfg = Debug|Win32
		{714CBED3-1ACF-4E15-B6C9-13FBE65017FC}.Release|Win32.ActiveCfg = Release|Win32
		{714CBED3-1ACF-4E15-B6C9-13FBE65017FC}.Release|Win32.Build.0 = Release|Win32
		{714CBED3-1ACF-4E15-B6C9-13FBE65017FC}.Release|x64.ActiveCfg = Release|Win32
		{1076FB2B-7506-4AEC-AEE9-82922668EC0D}.Debug|Win32.ActiveCfg = Debug|Win32
		{1076FB2B-7506-4AEC-AEE9-82922668EC0D}.Debug|Win32.Build.0 = Debug|Win32
		{1076FB2B-7506-4AEC-AEE9-82922668EC0D}.Debug|x64.ActiveCfg = Debug|Win32
		{1076FB2B-7506-4AEC-AEE9-82922668EC0D}.Release|Win32.ActiveCfg = Release|Win32
		{1076FB2B-7506-4AEC-AEE9-82922668EC0D}.Release|Win32.Build.0 = Release|Win32
		{1076FB2B-7506-4AEC-AEE9-82922668EC0D}.Release|x64.ActiveCfg = Release|Win32
		{4B9789A9-7EFD-4C21-9CCC-693581C62D41}.Debug|Win32.ActiveCfg = Debug|Win32
		{4B9789A9-7EFD-4C21-9CCC-693581C62D41}.Debug|Win32.Build.0 = Debug|Win32
		{4B9789A9-7EFD-4C21-9CCC-693581C62D41}.Debug|x64.ActiveCfg = Debug|x64
		{4B9789A9-7EFD-4C21-9CCC-693581C62D41}.Debug|x64.Build.0 = Debug|x64
		{4B9789A9-7EFD-4C21-9CCC-693581C62D41}.Release|Win32.ActiveCfg = Release|Win32
		{4B9789A9-7EFD-4C21-9CCC-693581C62D41}.Release|Win32.Build.0 = Release|Win32
		{4B9789A9-7EFD-4C21-9CCC-693581C62D41}.Release|x64.ActiveCfg = Release|x64
		{4B9789A9-7EFD-4C21-9CCC-693581C62D41}.Release|x64.Build.0 = Release|x64
		{5634777A-21BC-402E-A473-8E9ADB078671}.Debug|Win32.ActiveCfg = Debug|Win32
		{5634777A-21BC-402E-A473-8E9ADB078671}.Debug|Win32.Build.0 = Debug|Win32
		{5634777A-21BC-402E-A473-8E9ADB078671}.Debug|x64.ActiveCfg = Debug|x64
		{5634777A-21BC-402E-A473-8E9ADB078671}.Debug|x64.Build.0 = Debug|x64
		{5634777A-21BC-402E-A473-8E9ADB078671}.Release|Win32.ActiveCfg = Release|Win32
		{5634777A-21BC-402E-A473-8E9ADB078671}.Release|Win32.Build.0 = Release|Win32
		{5634777A-21BC-402E-A473-8E9ADB078671}.Release|x64.ActiveCfg = Release|x64
		{5634777A-21BC-402E-A473-8E9ADB078671}.Release|x64.Build.0 = Release|x64
		{02CB6188-C1B7-4224-8B0D-7870B6BC83F3}.Debug|Win32.ActiveCfg = Debug|Win32
		{02CB6188-C1B7-4224-8B0D-7870B6BC83F3}.Debug|Win32.Build.0 = Debug|Win32
		{02CB6188-C1B7-4224-8B0D-7870B6BC83F3}.Debug|x64.ActiveCfg = Debug|x64
		{02CB6188-C1B7-4224-8B0D-7870B6BC83F3}.Debug|x64.Build.0 = Debug|x64
		{02CB6188-C1B7-4224-8B0D-7870B6BC83F3}.Release|Win32.ActiveCfg = Release|Win32
		{02CB6188-C1B7-4224-8B0D-7870B6BC83F3}.Release|Win32.Build.0 = Release|Win32
		{02CB6188-C1B7-4224-8B0D-7870B6BC83F3}.Release|x64.ActiveCfg = Release|x64
		{02CB6188-C1B7-4224-8B0D-7870B6BC83F3}.Release|x64.Build.0 = Release|x64
		{17E48BBC-F86D-48EA-861E-C24BA7ED779E}.Debug|Win32.ActiveCfg = Debug|Win32
		{17E48BBC-F86D-48EA-861E-C24BA7ED779E}.Debug|Win32.Build.0 = Debug|Win32
		{17E48BBC-F86D-48EA-861E-C24BA7ED779E}.Debug|x64.ActiveCfg = Debug|x64
		{17E48BBC-F86D-48EA-861E-C24BA7ED779E}.Debug|x64.Build.0 = Debug|x64
		{17E48BBC-F86D-48EA-861E-C24BA7ED779E}.Release|Win32.ActiveCfg = Release|Win32
		{17E48BBC-F86D-48EA-861E-C24BA7ED779E}.Release|Win32.Build.0 = Release|Win32
		{17E48BBC-F86D-48EA-861E-C24BA7ED779E}.Release|x64.ActiveCfg = Release|x64
		{17E48BBC-F86D-48EA-861E-C24BA7ED779E}.Release|x64.Build.0 = Release|x64
		{AEF8BB27-838C-4115-92FA-FFB8759AD04B}.Debug|Win32.ActiveCfg = Debug|Win32
		{AEF8BB27-838C-4115-92FA-FFB8759AD04B}.Debug|Win32.Build.0 = Debug|Win32
		{AEF8BB27-838C-4115-92FA-FFB8759AD04B}.Debug|x64.ActiveCfg = Debug|Win32
		{AEF8BB27-838C-4115-92FA-FFB8759AD04B}.Release|Win32.ActiveCfg = Release|Win32
		{AEF8BB27-838C-4115-92FA-FFB8759AD04B}.Release|Win32.Build.0 = Release|Win32
		{AEF8BB27-838C-4115-92FA-FFB8759AD04B}.Release|x64.ActiveCfg = Release|Win32
		{A23320AB-4815-4B9D-9E2F-6D678916B7C4}.Debug|Win32.ActiveCfg = Debug|Win32
		{A23320AB-4815-4B9D-9E2F-6D678916B7C4}.Debug|Win32.Build.0 = Debug|Win32
		{A23320AB-4815-4B9D-9E2F-6D678916B7C4}.Debug|x64.ActiveCfg = Debug|Win32
		{A23320AB-4815-4B9D-9E2F-6D678916B7C4}.Release|Win32.ActiveCfg = Release|Win32
		{A23320AB-4815-4B9D-9E2F-6D678916B7C4}.Release|Win32.Build.0 = Release|Win32
		{A23320AB-4815-4B9D-9E2F-6D678916B7C4}.Release|x64.ActiveCfg = Release|Win32
		{64D73FEB-BDE5-4656-8F6C-86AED0817A12}.Debug|Win32.ActiveCfg = Debug|Win32
		{64D73FEB-BDE5-4656-8F6C-86AED0817A12}.Debug|Win32.Build.0 = Debug|Win32
		{64D73FEB-BDE5-4656-8F6C-86AED0817A12}.Debug|x64.ActiveCfg = Debug|Win32
		{64D73FEB-BDE5-4656-8F6C-86AED0817A12}.Release|Win32.ActiveCfg = Release|Win32
		{64D73FEB-BDE5-4656-8F6C-86AED0817A12}.Release|Win32.Build.0 = Release|Win32
		{64D73FEB-BDE5-4656-8F6C-86AED0817A12}.Release|x64.ActiveCfg = Release|Win32
		{BA377880-03B5-42DB-B3D8-412920AB1FED}.Debug|Win32.ActiveCfg = Debug|Win32
		{BA377880-03B5-42DB-B3D8-412920AB1FED}.Debug|Win32.Build.0 = Debug|Win32
		{BA377880-03B5-42DB-B3D8-412920AB1FED}.Debug|x64.ActiveCfg = Debug|Win32
		{BA377880-03B5-42DB-B3D8-412920AB1FED}.Release|Win32.ActiveCfg = Release|Win32
		{BA377880-03B5-42DB-B3D8-412920AB1FED}.Release|Win32.Build.0 = Release|Win32
		{BA377880-03B5-42DB-B3D8-412920AB1FED}.Release|x64.ActiveCfg = Release|Win32
		{E4CDF673-CD5D-40BA-AC1E-BDF552294B97}.Debug|Win32.ActiveCfg = Debug|Win32
		{E4CDF673-CD5D-40BA-AC1E-BDF552294B97}.Debug|Win32.Build.0 = Debug|Win32
		{E4CDF673-CD5D-40BA-AC1E-BDF552294B97}.Debug|x64.ActiveCfg = Debug|Win32
		{E4CDF673-CD5D-40BA-AC1E-BDF552294B97}.Release|Win32.ActiveCfg = Release|Win32
		{E4CDF673-CD5D-40BA-AC1E-BDF552294B97}.Release|Win32.Build.0 = Release|Win32
		{E4CDF673-CD5D-40BA-AC1E-BDF552294B97}.Release|x64.ActiveCfg = Release|Win32
		{8A614696-3408-4EB8-8BBD-204D8EF78993}.Debug|Win32.ActiveCfg = Debug|Win32
		{8A614696-3408-4EB8-8BBD-204D8EF78993}.Debug|Win32.Build.0 = Debug|Win32
		{8A614696-3408-4EB8-8BBD-204D8EF78993}.Debug|x64.ActiveCfg = Debug|Win32
		{8A614696-3408-4EB8-8BBD-204D8EF78993}.Release|Win32.ActiveCfg = Release|Win32
		{8A614696-3408-4EB8-8BBD-204D8EF78993}.Release|Win32.Build.0 = Release|Win32
		{8A614696-3408-4EB8-8BBD-204D8EF78993}.Release|x64.ActiveCfg = Release|Win32
		{520FB155-16EB-4661-A68D-B22D9AA9A16A}.Debug|Win32.ActiveCfg = Debug|Win32
		{520FB155-16EB-4661-A68D-B22D9AA9A16A}.Debug|Win32.Build.0 = Debug|Win32
		{520FB155-16EB-4661-A68D-B22D9AA9A16A}.Debug|x64.ActiveCfg = Debug|x64
		{520FB155-16EB-4661-A68D-B22D9AA9A16A}.Debug|x64.Build.0 = Debug|x64
		{520FB155-16EB-4661-A68D-B22D9AA9A16A}.Release|Win32.ActiveCfg = Release|Win32
		{520FB155-16EB-4661-A68D-B22D9AA9A16A}.Release|Win32.Build.0 = Release|Win32
		{520FB155-16EB-4661-A68D-B22D9AA9A16A}.Release|x64.ActiveCfg = Release|x64
		{520FB155-16EB-4661-A68D-B22D9AA9A16A}.Release|x64.Build.0 = Release|x64
		{18359497-CB2D-4582-AFC3-3C231533E98D}.Debug|Win32.ActiveCfg = Debug|Win32
		{18359497-CB2D-4582-AFC3-3C231533E98D}.Debug|Win32.Build.0 = Debug|Win32
		{18359497-CB2D-4582-AFC3-3C231533E98D}.Debug|x64.ActiveCfg = Debug|Win32
		{18359497-CB2D-4582-AFC3-3C231533E98D}.Release|Win32.ActiveCfg = Release|Win32
		{18359497-CB2D-4582-AFC3-3C231533E98D}.Release|Win32.Build.0 = Release|Win32
		{18359497-CB2D-4582-AFC3-3C231533E98D}.Release|x64.ActiveCfg = Release|Win32
		{EC3353B5-75F8-4946-B41B-821F70070A92}.Debug|Win32.ActiveCfg = Debug|Win32
		{EC3353B5-75F8-4946-B41B-821F70070A92}.Debug|Win32.Build.0 = Debug|Win32
		{EC3353B5-75F8-4946-B41B-821F70070A92}.Debug|x64.ActiveCfg = Debug|Win32
		{EC3353B5-75F8-4946-B41B-821F70070A92}.Release|Win32.ActiveCfg = Release|Win32
		{EC3353B5-75F8-4946-B41B-821F70070A92}.Release|Win32.Build.0 = Release|Win32
		{EC3353B5-75F8-4946-B41B-821F70070A92}.Release|x64.ActiveCfg = Release|Win32
		{31B8E084-E578-40C6-B500-60E812901ADB}.Debug|Win32.ActiveCfg = Debug|Win32
		{31B8E084-E578-40C6-B500-60E812901ADB}.Debug|Win32.Build.0 = Debug|Win32
		{31B8E084-E578-40C6-B500-60E812901ADB}.Debug|x64.ActiveCfg = Debug|Win32
		{31B8E084-E578-40C6-B500-60E812901ADB}.Release|Win32.ActiveCfg = Release|Win32
		{31B8E084-E578-40C6-B500-60E812901ADB}.Release|Win32.Build.0 = Release|Win32
		{31B8E084-E578-40C6-B500-60E812901ADB}.Release|x64.ActiveCfg = Release|Win32
		{81BE5CAD-BB08-4DF6-B30E-FDF77395E3AA}.Debug|Win32.ActiveCfg = Debug|Win32
		{81BE5CAD-BB08-4DF6-B30E-FDF77395E3AA}.Debug|Win32.Build.0 = Debug|Win32
		{81BE5CAD-BB08-4DF6-B30E-FDF77395E3AA}.Debug|x64.ActiveCfg = Debug|x64
		{81BE5CAD-BB08-4DF6-B30E-FDF77395E3AA}.Debug|x64.Build.0 = Debug|x64
		{81BE5CAD-BB08-4DF6-B30E-FDF77395E3AA}.Release|Win32.ActiveCfg = Release|Win32
		{81BE5CAD-BB08-4DF6-B30E-FDF77395E3AA}.Release|Win32.Build.0 = Release|Win32
		{81BE5CAD-BB08-4DF6-B30E-FDF77395E3AA}.Release|x64.ActiveCfg = Release|x64
		{81BE5CAD-BB08-4DF6-B30E-FDF77395E3AA}.Release|x64.Build.0 = Release|x64
		{EF2E0117-C061-4086-A828-84950FA1C219}.Debug|Win32.ActiveCfg = Debug|Win32
		{EF2E0117-C061-4086-A828-84950FA1C219}.Debug|Win32.Build.0 = Debug|Win32
		{EF2E0117-C061-4086-A828-84950FA1C219}.Debug|x64.ActiveCfg = Debug|x64
		{EF2E0117-C061-4086-A828-84950FA1C219}.Debug|x64.Build.0 = Debug|x64
		{EF2E0117-C061-4086-A828-84950FA1C219}.Release|Win32.ActiveCfg = Release|Win32
		{EF2E0117-C061-4086-A828-84950FA1C219}.Release|Win32.Build.0 = Release|Win32
		{EF2E0117-C061-4086-A828-84950FA1C219}.Release|x64.ActiveCfg = Release|x64
		{EF2E0117-C061-4086-A828-84950FA1C219}.Release|x64.Build.0 = Release|x64
		{B5FC6880-228A-4573-8623-B2915A99DD46}.Debug|Win32.ActiveCfg = Debug|Win32
		{B5FC6880-228A-4573-8623-B2915A99DD46}.Debug|Win32.Build.0 = Debug|Win32
		{B5FC6880-228A-4573-8623-B2915A99DD46}.Debug|x64.ActiveCfg = Debug|x64
		{B5FC6880-228A-4573-8623-B2915A99DD46}.Debug|x64.Build.0 = Debug|x64
		{B5FC6880-228A-4573-8623-B2915A99DD46}.Release|Win32.ActiveCfg = Release|Win32
		{B5FC6880-228A-4573-8623-B2915A99DD46}.Release|Win32.Build.0 = Release|Win32
		{B5FC6880-228A-4573-8623-B2915A99DD46}.Release|x64.ActiveCfg = Release|x64
		{B5FC6880-228A-4573-8623-B2915A99DD46}.Release|x64.Build.0 = Release|x64
		{DBC18680-76DA-4A81-9093-2C333140CB94}.Debug|Win32.ActiveCfg = Debug|Win32
		{DBC18680-76DA-4A81-9093-2C333140CB94}.Debug|Win32.Build.0 = Debug|Win32
		{DBC18680-76DA-4A81-9093-2C333140CB94}.Debug|x64.ActiveCfg = Debug|x64
		{DBC18680-76DA-4A81-9093-2C333140CB94}.Debug|x64.Build.0 = Debug|x64
		{DBC18680-76DA-4A81-9093-2C333140CB94}.Release|Win32.ActiveCfg = Release|Win32
		{DBC18680-76DA-4A81-9093-2C333140CB94}.Release|Win32.Build.0 = Release|Win32
		{DBC18680-76DA-4A81-9093-2C333140CB94}.Release|x64.ActiveCfg = Release|x64
		{DBC18680-76DA-4A81-9093-2C333140CB94}.Release|x64.Build.0 = Release|x64
		{F2CB7E62-6012-4E80-AC0C-E9F3CF324E71}.Debug|Win32.ActiveCfg = Debug|Win32
		{F2CB7E62-6012-4E80-AC0C-E9F3CF324E71}.Debug|Win32.Build.0 = Debug|Win32
		{F2CB7E62-6012-4E80-AC0C-E9F3CF324E71}.Debug|x64.ActiveCfg = Debug|x64
		{F2CB7E62-6012-4E80-AC0C-E9F3CF324E71}.Debug|x64.Build.0 = Debug|x64
		{F2CB7E62-6012-4E80-AC0C-E9F3CF324E71}.Release|Win32.ActiveCfg = Release|Win32
		{F2CB7E62-6012-4E80-AC0C-E9F3CF324E71}.Release|Win32.Build.0 = Release|Win32
		{F2CB7E62-6012-4E80-AC0C-E9F3CF324E71}.Release|x64.ActiveCfg = Release|x64
		{F2CB7E62-6012-4E80-AC0C-E9F3CF324E71}.Release|x64.Build.0 = Release|x64
		{BDF3A9BB-0E9F-4F05-8B17-94BA64FC229D}.Debug|Win32.ActiveCfg = Debug|Win32
		{BDF3A9BB-0E9F-4F05-8B17-94BA64FC229D}.Debug|Win32.Build.0 = Debug|Win32
		{BDF3A9BB-0E9F-4F05-8B17-94BA64FC229D}.Debug|x64.ActiveCfg = Debug|x64
		{BDF3A9BB-0E9F-4F05-8B17-94BA64FC229D}.Debug|x64.Build.0 = Debug|x64
		{BDF3A9BB-0E9F-4F05-8B17-94BA64FC229D}.Release|Win32.ActiveCfg = Release|Win32
		{BDF3A9BB-0E9F-4F05-8B17-94BA64FC229D}.Release|Win32.Build.0 = Release|Win32
		{BDF3A9BB-0E9F-4F05-8B17-94BA64FC229D}.Release|x64.ActiveCfg = Release|x64
		{BDF3A9BB-0E9F-4F05-8B17-94BA64FC229D}.Release|x64.Build.0 = Release|x64
		{A57EDDD6-6CD0-4CC7-A597-CD04F6FD95FF}.Debug|Win32.ActiveCfg = Debug|Win32
		{A57EDDD6-6CD0-4CC7-A597-CD04F6FD95FF}.Debug|Win32.Build.0 = Debug|Win32
		{A57EDDD6-6CD0-4CC7-A597-CD04F6FD95FF}.Debug|x64.ActiveCfg = Debug|x64
		{A57EDDD6-6CD0-4CC7-A597-CD04F6FD95FF}.Debug|x64.Build.0 = Debug|x64
		{A57EDDD6-6CD0-4CC7-A597-CD04F6FD95FF}.Release|Win32.ActiveCfg = Release|Win32
		{A57EDDD6-6CD0-4CC7-A597-CD04F6FD95FF}.Release|Win32.Build.0 = Release|Win32
		{A57EDDD6-6CD0-4CC7-A597-CD04F6FD95FF}.Release|x64.ActiveCfg = Release|x64
		{A57EDDD6-6CD0-4CC7-A597-CD04F6FD95FF}.Release|x64.Build.0 = Release|x64
		{03F7198C-D0F2-4AB7-B04B-4A0D32B2D141}.Debug|Win32.ActiveCfg = Debug|Win32
		{03F7198C-D0F2-4AB7-B04B-4A0D32B2D141}.Debug|Win32.Build.0 = Debug|Win32
		{03F7198C-D0F2-4AB7-B04B-4A0D32B2D141}.Debug|x64.ActiveCfg = Debug|Win32
		{03F7198C-D0F2-4AB7-B04B-4A0D32B2D141}.Release|Win32.ActiveCfg = Release|Win32
		{03F7198C-D0F2-4AB7-B04B-4A0D32B2D141}.Release|Win32.Build.0 = Release|Win32
		{03F7198C-D0F2-4AB7-B04B-4A0D32B2D141}.Release|x64.ActiveCfg = Release|Win32
		{15CFFB1B-3444-4F1E-AF66-C5B98ACECAF5}.Debug|Win32.ActiveCfg = Debug|Win32
		{15CFFB1B-3444-4F1E-AF66-C5B98ACECAF5}.Debug|Win32.Build.0 = Debug|Win32
		{15CFFB1B-3444-4F1E-AF66-C5B98ACECAF5}.Debug|x64.ActiveCfg = Debug|x64
		{15CFFB1B-3444-4F1E-AF66-C5B98ACECAF5}.Debug|x64.Build.0 = Debug|x64
		{15CFFB1B-3444-4F1E-AF66-C5B98ACECAF5}.Release|Win32.ActiveCfg = Release|Win32
		{15CFFB1B-3444-4F1E-AF66-C5B98ACECAF5}.Release|Win32.Build.0 = Release|Win32
		{15CFFB1B-3444-4F1E-AF66-C5B98ACECAF5}.Release|x64.ActiveCfg = Release|x64
		{15CFFB1B-3444-4F1E-AF66-C5B98ACECAF5}.Release|x64.Build.0 = Release|x64
		{D9FFE73E-68ED-4885-93DC-6F97927BDAD7}.Debug|Win32.ActiveCfg = Debug|Win32
		{D9FFE73E-68ED-4885-93DC-6F97927BDAD7}.Debug|Win32.Build.0 = Debug|Win32
		{D9FFE73E-68ED-4885-93DC-6F97927BDAD7}.Debug|x64.ActiveCfg = Debug|x64
		{D9FFE73E-68ED-4885-93DC-6F97927BDAD7}.Debug|x64.Build.0 = Debug|x64
		{D9FFE73E-68ED-4885-93DC-6F97927BDAD7}.Release|Win32.ActiveCfg = Release|Win32
		{D9FFE73E-68ED-4885-93DC-6F97927BDAD7}.Release|Win32.Build.0 = Release|Win32
		{D9FFE73E-68ED-4885-93DC-6F97927BDAD7}.Release|x64.ActiveCfg = Release|x64
		{D9FFE73E-68ED-4885-93DC-6F97927BDAD7}.Release|x64.Build.0 = Release|x64
		{C97AE8B1-126D-4079-A6FD-63A37DAFC57E}.Debug|Win32.ActiveCfg = Debug|Win32
		{C97AE8B1-126D-4079-A6FD-63A37DAFC57E}.Debug|Win32.Build.0 = Debug|Win32
		{C97AE8B1-126D-4079-A6FD-63A37DAFC57E}.Debug|x64.ActiveCfg = Debug|x64
		{C97AE8B1-126D-4079-A6FD-63A37DAFC57E}.Debug|x64.Build.0 = Debug|x64
		{C97AE8B1-126D-4079-A6FD-63A37DAFC57E}.Release|Win32.ActiveCfg = Release|Win32
		{C97AE8B1-126D-4079-A6FD-63A37DAFC57E}.Release|Win32.Build.0 = Release|Win32
		{C97AE8B1-126D-4079-A6FD-63A37DAFC57E}.Release|x64.ActiveCfg = Release|x64
		{C97AE8B1-126D-4079-A6FD-63A37DAFC57E}.Release|x64.Build.0 = Release|x64
		{5D6E30C9-7EA1-4320-8ED5-DBCAC2D17C4D}.Debug|Win32.ActiveCfg = Debug|Win32
		{5D6E30C9-7EA1-4320-8ED5-DBCAC2D17C4D}.Debug|Win32.Build.0 = Debug|Win32
		{5D6E30C9-7EA1-4320-8ED5-DBCAC2D17C4D}.Debug|x64.ActiveCfg = Debug|x64
		{5D6E30C9-7EA1-4320-8ED5-DBCAC2D17C4D}.Debug|x64.Build.0 = Debug|x64
		{5D6E30C9-7EA1-4320-8ED5-DBCAC2D17C4D}.Release|Win32.ActiveCfg = Release|Win32
		{5D6E30C9-7EA1-4320-8ED5-DBCAC2D17C4D}.Release|Win32.Build.0 = Release|Win32
		{5D6E30C9-7EA1-4320-8ED5-DBCAC2D17C4D}.Release|x64.ActiveCfg = Release|x64
		{5D6E30C9-7EA1-4320-8ED5-DBCAC2D17C4D}.Release|x64.Build.0 = Release|x64
		{05422EB8-65AB-4F59-9049-09C3E8C83AE9}.Debug|Win32.ActiveCfg = Debug|Win32
		{05422EB8-65AB-4F59-9049-09C3E8C83AE9}.Debug|Win32.Build.0 = Debug|Win32
		{05422EB8-65AB-4F59-9049-09C3E8C83AE9}.Debug|x64.ActiveCfg = Debug|x64
		{05422EB8-65AB-4F59-9049-09C3E8C83AE9}.Debug|x64.Build.0 = Debug|x64
		{05422EB8-65AB-4F59-9049-09C3E8C83AE9}.Release|Win32.ActiveCfg = Release|Win32
		{05422EB8-65AB-4F59-9049-09C3E8C83AE9}.Release|Win32.Build.0 = Release|Win32
		{05422EB8-65AB-4F59-9049-09C3E8C83AE9}.Release|x64.ActiveCfg = Release|x64
		{05422EB8-65AB-4F59-9049-09C3E8C83AE9}.Release|x64.Build.0 = Release|x64
		{28E6984F-9D42-4ADB-89E5-F63B44F71076}.Debug|Win32.ActiveCfg = Debug|Win32
		{28E6984F-9D42-4ADB-89E5-F63B44F71076}.Debug|Win32.Build.0 = Debug|Win32
		{28E6984F-9D42-4ADB-89E5-F63B44F71076}.Debug|x64.ActiveCfg = Debug|x64
		{28E6984F-9D42-4ADB-89E5-F63B44F71076}.Debug|x64.Build.0 = Debug|x64
		{28E6984F-9D42-4ADB-89E5-F63B44F71076}.Release|Win32.ActiveCfg = Release|Win32
		{28E6984F-9D42-4ADB-89E5-F63B44F71076}.Release|Win32.Build.0 = Release|Win32
		{28E6984F-9D42-4ADB-89E5-F63B44F71076}.Release|x64.ActiveCfg = Release|x64
		{28E6984F-9D42-4ADB-89E5-F63B44F71076}.Release|x64.Build.0 = Release|x64
		{B139C7A5-D1D4-43FA-9EDA-6728F3D4F67C}.Debug|Win32.ActiveCfg = Debug|Win32
		{B139C7A5-D1D4-43FA-9EDA-6728F3D4F67C}.Debug|Win32.Build.0 = Debug|Win32
		{B139C7A5-D1D4-43FA-9EDA-6728F3D4F67C}.Debug|x64.ActiveCfg = Debug|Win32
		{B139C7A5-D1D4-43FA-9EDA-6728F3D4F67C}.Release|Win32.ActiveCfg = Release|Win32
		{B139C7A5-D1D4-43FA-9EDA-6728F3D4F67C}.Release|Win32.Build.0 = Release|Win32
		{B139C7A5-D1D4-43FA-9EDA-6728F3D4F67C}.Release|x64.ActiveCfg = Release|Win32
		{1891A14B-F2DE-4AB9-9E96-769CC60CA615}.Debug|Win32.ActiveCfg = Debug|Win32
		{1891A14B-F2DE-4AB9-9E96-769CC60CA615}.Debug|Win32.Build.0 = Debug|Win32
		{1891A14B-F2DE-4AB9-9E96-769CC60CA615}.Debug|x64.ActiveCfg = Debug|Win32
		{1891A14B-F2DE-4AB9-9E96-769CC60CA615}.Release|Win32.ActiveCfg = Release|Win32
		{1891A14B-F2DE-4AB9-9E96-769CC60CA615}.Release|Win32.Build.0 = Release|Win32
		{1891A14B-F2DE-4AB9-9E96-769CC60CA615}.Release|x64.ActiveCfg = Release|Win32
		{84C0EE2A-DE2F-4A44-A258-BFBD87B833FC}.Debug|Win32.ActiveCfg = Debug|Win32
		{84C0EE2A-DE2F-4A44-A258-BFBD87B833FC}.Debug|Win32.Build.0 = Debug|Win32
		{84C0EE2A-DE2F-4A44-A258-BFBD87B833FC}.Debug|x64.ActiveCfg = Debug|x64
		{84C0EE2A-DE2F-4A44-A258-BFBD87B833FC}.Debug|x64.Build.0 = Debug|x64
		{84C0EE2A-DE2F-4A44-A258-BFBD87B833FC}.Release|Win32.ActiveCfg = Release|Win32
		{84C0EE2A-DE2F-4A44-A258-BFBD87B833FC}.Release|Win32.Build.0 = Release|Win32
		{84C0EE2A-DE2F-4A44-A258-BFBD87B833FC}.Release|x64.ActiveCfg = Release|x64
		{84C0EE2A-DE2F-4A44-A258-BFBD87B833FC}.Release|x64.Build.0 = Release|x64
		{25E1D253-7725-44CF-9F7C-F419571502FB}.Debug|Win32.ActiveCfg = Debug|Win32
		{25E1D253-7725-44CF-9F7C-F419571502FB}.Debug|Win32.Build.0 = Debug|Win32
		{25E1D253-7725-44CF-9F7C-F419571502FB}.Debug|x64.ActiveCfg = Debug|x64
		{25E1D253-7725-44CF-9F7C-F419571502FB}.Debug|x64.Build.0 = Debug|x64
		{25E1D253-7725-44CF-9F7C-F419571502FB}.Release|Win32.ActiveCfg = Release|Win32
		{25E1D253-7725-44CF-9F7C-F419571502FB}.Release|Win32.Build.0 = Release|Win32
		{25E1D253-7725-44CF-9F7C-F419571502FB}.Release|x64.ActiveCfg = Release|x64
		{25E1D253-7725-44CF-9F7C-F419571502FB}.Release|x64.Build.0 = Release|x64
	EndGlobalSection
	GlobalSection(SolutionProperties) = preSolution
		HideSolutionNode = FALSE
	EndGlobalSection
	GlobalSection(NestedProjects) = preSolution
		{6B442F55-509C-4A21-90B0-D553A137BB96} = {F8E8B6A2-4192-459C-A12E-A36E3ADF7EE8}
		{274ADD9A-E6A6-4405-B11C-9A626EE1B449} = {F8E8B6A2-4192-459C-A12E-A36E3ADF7EE8}
		{A81A6ED0-8C45-4208-810A-9D257DB30F88} = {F8E8B6A2-4192-459C-A12E-A36E3ADF7EE8}
		{3818FA2C-3D10-4C9F-BC73-44A312970928} = {E2883622-8FDE-497B-91DE-11B4C05F6AEE}
		{B7A1C809-DCB7-482C-84B0-96A72B893B28} = {E0582F88-4DD9-476B-96E9-BA0B168F3446}
		{71A73CD7-8586-4AFD-8C4B-BEB127440F44} = {E0582F88-4DD9-476B-96E9-BA0B168F3446}
		{7BD9AE09-A222-42A5-9B25-886992B9816E} = {B7A1C809-DCB7-482C-84B0-96A72B893B28}
		{166EFD12-E417-42EC-BD60-692FE64A3A40} = {B7A1C809-DCB7-482C-84B0-96A72B893B28}
		{4676E412-561A-489D-BD8A-EDAED6098444} = {71A73CD7-8586-4AFD-8C4B-BEB127440F44}
		{C1D12CF3-C63D-4DF5-8978-1F7EBC00A093} = {71A73CD7-8586-4AFD-8C4B-BEB127440F44}
		{C74B2C82-3B31-49A2-A090-D3A2DAD29A58} = {E2883622-8FDE-497B-91DE-11B4C05F6AEE}
		{94179592-C909-4875-963C-91394BE5C002} = {DD6BAF00-C311-43FB-9578-66334E2693EB}
		{892F3C9B-6335-4608-936B-F2EABE9729C7} = {3818FA2C-3D10-4C9F-BC73-44A312970928}
		{D01626D8-6EF8-4B9D-8AF4-E2B618C9697B} = {CAD86016-A44B-4681-AFB0-A32846CC6352}
		{7327D3AB-B118-43E4-ADA5-56A6DB512C2E} = {7BD9AE09-A222-42A5-9B25-886992B9816E}
		{17E5C998-B706-4EB1-81E1-4258C3F87225} = {166EFD12-E417-42EC-BD60-692FE64A3A40}
		{C88FEE1C-EEBA-427C-83EA-C94CA632BD5A} = {4676E412-561A-489D-BD8A-EDAED6098444}
		{2055D37B-43E4-436F-9E30-BB0FF45E5FDC} = {C1D12CF3-C63D-4DF5-8978-1F7EBC00A093}
		{E83059A4-76C2-4763-81ED-BAA22C3F8C3E} = {C74B2C82-3B31-49A2-A090-D3A2DAD29A58}
		{D808C232-5220-4201-BD8E-0A92E7DE9406} = {70A8AF0B-9FAC-40B3-A037-21F7AF5CABEF}
		{9747BFD4-2A6C-4041-8008-B6F023AA8A35} = {6469080B-D0CD-4A87-86CE-ACD8364EB806}
		{70A8AF0B-9FAC-40B3-A037-21F7AF5CABEF} = {94179592-C909-4875-963C-91394BE5C002}
		{6469080B-D0CD-4A87-86CE-ACD8364EB806} = {94179592-C909-4875-963C-91394BE5C002}
		{1227B903-CC36-455F-A4A6-B10CE34796CB} = {94179592-C909-4875-963C-91394BE5C002}
		{A33500AB-0739-46E5-B342-A44047AC3E76} = {1227B903-CC36-455F-A4A6-B10CE34796CB}
		{BC28FF38-978B-46B2-B8E4-6B2518D74372} = {94179592-C909-4875-963C-91394BE5C002}
		{679EC6E1-650B-40FE-BBD1-3F57A0B8515A} = {BC28FF38-978B-46B2-B8E4-6B2518D74372}
		{DA19C2D9-DC04-4EE5-9070-C0B37C72BA11} = {94179592-C909-4875-963C-91394BE5C002}
		{F58B3AF6-A864-4793-9880-135D17E5AB03} = {DA19C2D9-DC04-4EE5-9070-C0B37C72BA11}
		{E2883622-8FDE-497B-91DE-11B4C05F6AEE} = {35983759-DBEC-4119-ACD7-CEAF563CD94E}
		{B5AB4CAA-6B49-42EC-BC3E-43A88A25F664} = {35983759-DBEC-4119-ACD7-CEAF563CD94E}
		{8B71B52D-EFDE-47D7-B848-AC43D78E871B} = {B5AB4CAA-6B49-42EC-BC3E-43A88A25F664}
		{DE754F08-6329-4703-8081-EA741E54ECE5} = {8B71B52D-EFDE-47D7-B848-AC43D78E871B}
		{E0FBA285-F896-45A4-9DE6-B76BFCE0A42F} = {35983759-DBEC-4119-ACD7-CEAF563CD94E}
		{B71BD973-F48A-4ECD-8260-35F980AAC6F5} = {E0FBA285-F896-45A4-9DE6-B76BFCE0A42F}
		{B5957898-12A7-4AC9-86E6-0BD0A11718D1} = {E2883622-8FDE-497B-91DE-11B4C05F6AEE}
		{9AA476C0-B3A2-4ACC-ACC4-9C77973A3886} = {B5957898-12A7-4AC9-86E6-0BD0A11718D1}
		{B5C70A03-A73A-4481-9E01-DE8D050A3F59} = {B5957898-12A7-4AC9-86E6-0BD0A11718D1}
		{899F9BB9-9358-424B-8C23-F1D68ED2C479} = {94179592-C909-4875-963C-91394BE5C002}
		{6BD8E992-922D-4B6C-99F9-B1730EB3D902} = {899F9BB9-9358-424B-8C23-F1D68ED2C479}
		{F7AFCA15-2681-4EDE-A5F7-CCFAC4A7EFC6} = {94179592-C909-4875-963C-91394BE5C002}
		{F51181F4-DFFC-4755-97D1-BC3FC718FA80} = {F7AFCA15-2681-4EDE-A5F7-CCFAC4A7EFC6}
		{24DD39B7-B43B-4761-A62A-E66929B97DB2} = {94179592-C909-4875-963C-91394BE5C002}
		{A0AB810F-2B00-4EEE-A18E-64647BF0DE4C} = {24DD39B7-B43B-4761-A62A-E66929B97DB2}
		{578EED1B-9D58-4B9B-9921-D34090EDEE4C} = {94179592-C909-4875-963C-91394BE5C002}
		{D330886F-4775-4898-9BBF-06FBE21FDF85} = {578EED1B-9D58-4B9B-9921-D34090EDEE4C}
		{3FCAB43E-5F8A-48A5-BC28-B8289666BA77} = {7BD9AE09-A222-42A5-9B25-886992B9816E}
		{0B9FB7BE-18EB-458E-A026-831B33D2833A} = {E0582F88-4DD9-476B-96E9-BA0B168F3446}
		{3FBC2AD0-5D68-4751-B24D-D7C85D88F5D7} = {0B9FB7BE-18EB-458E-A026-831B33D2833A}
		{7DC51941-70EB-4CF8-A558-DF65E8EC28E6} = {3FBC2AD0-5D68-4751-B24D-D7C85D88F5D7}
		{B9B94245-6BB4-4677-AA9B-C2C07DF88268} = {0B9FB7BE-18EB-458E-A026-831B33D2833A}
		{8B6349AA-CB1F-435B-A3AF-D4DCA97EF157} = {0B9FB7BE-18EB-458E-A026-831B33D2833A}
		{699CEEC8-4D90-4564-8C02-C458B415A2B7} = {0B9FB7BE-18EB-458E-A026-831B33D2833A}
		{0FDD0C82-3941-47E4-8042-54130114E7C3} = {0B9FB7BE-18EB-458E-A026-831B33D2833A}
		{99990F46-B295-4C1E-82C4-9FA0BEAD8DF9} = {B9B94245-6BB4-4677-AA9B-C2C07DF88268}
		{6E98F59E-0B1A-46DD-B8BA-F15FCC37E2A9} = {8B6349AA-CB1F-435B-A3AF-D4DCA97EF157}
		{5B9B89E7-9F1E-416F-A003-B738AA2E59BA} = {0FDD0C82-3941-47E4-8042-54130114E7C3}
		{298950D8-4F0A-448C-9004-CC6746878D8B} = {699CEEC8-4D90-4564-8C02-C458B415A2B7}
		{1E0E8F89-24D4-4567-9E25-473A576ACC11} = {E2883622-8FDE-497B-91DE-11B4C05F6AEE}
		{2C809FD7-1F63-4087-8E0E-501A14F05C03} = {1E0E8F89-24D4-4567-9E25-473A576ACC11}
		{02EBA800-39BD-498B-8E8D-230436DB6AF3} = {4B1212B5-8140-4988-9A8C-B0FB8F5E0EAC}
		{69DCEF49-95F6-47E6-9440-716333FDD2E3} = {94179592-C909-4875-963C-91394BE5C002}
		{E3E524AC-2556-4CFF-A622-352610C23581} = {69DCEF49-95F6-47E6-9440-716333FDD2E3}
		{714CBED3-1ACF-4E15-B6C9-13FBE65017FC} = {69DCEF49-95F6-47E6-9440-716333FDD2E3}
		{1076FB2B-7506-4AEC-AEE9-82922668EC0D} = {69DCEF49-95F6-47E6-9440-716333FDD2E3}
		{3C065B6F-2EBF-4C0B-A4ED-9EDEA73F8626} = {A81A6ED0-8C45-4208-810A-9D257DB30F88}
		{4B9789A9-7EFD-4C21-9CCC-693581C62D41} = {6F1C0616-DDEB-4B42-875B-3C4AC5BF1428}
		{1A8FADC4-E44C-457E-8E3C-C6D81857A3F6} = {4B1212B5-8140-4988-9A8C-B0FB8F5E0EAC}
		{BABFDA22-74D1-4FA7-A3C8-493E2B142329} = {E0582F88-4DD9-476B-96E9-BA0B168F3446}
		{06C369C8-5687-408C-9CE4-5CEFA8EFC6D2} = {96075C1D-0668-481D-8E6D-3398133C65F9}
		{5634777A-21BC-402E-A473-8E9ADB078671} = {06C369C8-5687-408C-9CE4-5CEFA8EFC6D2}
		{02106D7D-688D-4943-B7B3-14DBB00BF3A1} = {96075C1D-0668-481D-8E6D-3398133C65F9}
		{1D91A5FC-E12F-4D3F-AD34-3AC570940FBA} = {96075C1D-0668-481D-8E6D-3398133C65F9}
		{A9F00736-8CFC-42B5-AB2B-B7A454A91BA1} = {96075C1D-0668-481D-8E6D-3398133C65F9}
		{508B9C94-BD91-45C4-96CC-355A9FF24E66} = {384DA27F-F2A6-4E51-9EA0-50624274EEBE}
		{96075C1D-0668-481D-8E6D-3398133C65F9} = {BABFDA22-74D1-4FA7-A3C8-493E2B142329}
		{384DA27F-F2A6-4E51-9EA0-50624274EEBE} = {BABFDA22-74D1-4FA7-A3C8-493E2B142329}
		{94C48E6D-0DE7-49C1-A76C-E38646859E96} = {96075C1D-0668-481D-8E6D-3398133C65F9}
		{3BF44E0E-9D61-4A47-94A9-52F29942F5EF} = {96075C1D-0668-481D-8E6D-3398133C65F9}
		{02CB6188-C1B7-4224-8B0D-7870B6BC83F3} = {02106D7D-688D-4943-B7B3-14DBB00BF3A1}
		{5D963EFC-B099-47B6-8407-9B092F17EA3F} = {DD6BAF00-C311-43FB-9578-66334E2693EB}
		{39205295-2257-484D-A084-826966415772} = {5D963EFC-B099-47B6-8407-9B092F17EA3F}
		{17E48BBC-F86D-48EA-861E-C24BA7ED779E} = {39205295-2257-484D-A084-826966415772}
		{F8E8B6A2-4192-459C-A12E-A36E3ADF7EE8} = {DD6BAF00-C311-43FB-9578-66334E2693EB}
		{AEF8BB27-838C-4115-92FA-FFB8759AD04B} = {6B442F55-509C-4A21-90B0-D553A137BB96}
		{A23320AB-4815-4B9D-9E2F-6D678916B7C4} = {6B442F55-509C-4A21-90B0-D553A137BB96}
		{64D73FEB-BDE5-4656-8F6C-86AED0817A12} = {274ADD9A-E6A6-4405-B11C-9A626EE1B449}
		{BA377880-03B5-42DB-B3D8-412920AB1FED} = {274ADD9A-E6A6-4405-B11C-9A626EE1B449}
		{E4CDF673-CD5D-40BA-AC1E-BDF552294B97} = {A81A6ED0-8C45-4208-810A-9D257DB30F88}
		{8A614696-3408-4EB8-8BBD-204D8EF78993} = {A81A6ED0-8C45-4208-810A-9D257DB30F88}
		{520FB155-16EB-4661-A68D-B22D9AA9A16A} = {A81A6ED0-8C45-4208-810A-9D257DB30F88}
		{18359497-CB2D-4582-AFC3-3C231533E98D} = {A81A6ED0-8C45-4208-810A-9D257DB30F88}
		{EC3353B5-75F8-4946-B41B-821F70070A92} = {A81A6ED0-8C45-4208-810A-9D257DB30F88}
		{31B8E084-E578-40C6-B500-60E812901ADB} = {A81A6ED0-8C45-4208-810A-9D257DB30F88}
		{81BE5CAD-BB08-4DF6-B30E-FDF77395E3AA} = {3C065B6F-2EBF-4C0B-A4ED-9EDEA73F8626}
		{EF2E0117-C061-4086-A828-84950FA1C219} = {3C065B6F-2EBF-4C0B-A4ED-9EDEA73F8626}
		{11B37CB9-0614-4FC8-920B-1C0323946B87} = {F8E8B6A2-4192-459C-A12E-A36E3ADF7EE8}
		{4F8B5793-E9C4-451D-9DE1-B9B0D8888791} = {11B37CB9-0614-4FC8-920B-1C0323946B87}
		{B5FC6880-228A-4573-8623-B2915A99DD46} = {4F8B5793-E9C4-451D-9DE1-B9B0D8888791}
		{DBC18680-76DA-4A81-9093-2C333140CB94} = {4F8B5793-E9C4-451D-9DE1-B9B0D8888791}
		{606AC15D-8FDD-4ABB-942D-7390EBB0190D} = {11B37CB9-0614-4FC8-920B-1C0323946B87}
		{F2CB7E62-6012-4E80-AC0C-E9F3CF324E71} = {606AC15D-8FDD-4ABB-942D-7390EBB0190D}
		{995D0FDE-088C-4D46-B2D0-5925D6C54318} = {5D963EFC-B099-47B6-8407-9B092F17EA3F}
		{BDF3A9BB-0E9F-4F05-8B17-94BA64FC229D} = {995D0FDE-088C-4D46-B2D0-5925D6C54318}
		{2114A19E-91B0-4CFC-9329-751EA3C96734} = {35983759-DBEC-4119-ACD7-CEAF563CD94E}
		{A67D8FD5-B11A-46F4-BEF3-2601D25BAC4A} = {2114A19E-91B0-4CFC-9329-751EA3C96734}
		{A57EDDD6-6CD0-4CC7-A597-CD04F6FD95FF} = {A67D8FD5-B11A-46F4-BEF3-2601D25BAC4A}
		{CF3F89BB-0353-4BE3-8BE9-30411A262608} = {1190D438-9F7A-4F59-8BEB-846C1404D582}
		{44F7A35D-6DD1-4290-BEE9-A20D8A39A962} = {1190D438-9F7A-4F59-8BEB-846C1404D582}
		{4B1212B5-8140-4988-9A8C-B0FB8F5E0EAC} = {1190D438-9F7A-4F59-8BEB-846C1404D582}
		{824485C4-42BB-43DD-9E0D-2142E5747118} = {4B1212B5-8140-4988-9A8C-B0FB8F5E0EAC}
		{764F03DB-184B-40C9-853F-89683F1557D6} = {CF3F89BB-0353-4BE3-8BE9-30411A262608}
		{284E3664-DB13-4447-9D82-110A692C2D7E} = {CF3F89BB-0353-4BE3-8BE9-30411A262608}
		{981D5031-3873-46CC-99D8-1ABF091E51C5} = {CF3F89BB-0353-4BE3-8BE9-30411A262608}
		{97AC38DC-11CD-4473-AA11-C3EA49ED3757} = {CF3F89BB-0353-4BE3-8BE9-30411A262608}
		{03F7198C-D0F2-4AB7-B04B-4A0D32B2D141} = {764F03DB-184B-40C9-853F-89683F1557D6}
		{15CFFB1B-3444-4F1E-AF66-C5B98ACECAF5} = {284E3664-DB13-4447-9D82-110A692C2D7E}
		{D9FFE73E-68ED-4885-93DC-6F97927BDAD7} = {97AC38DC-11CD-4473-AA11-C3EA49ED3757}
		{47DAE72A-E8A3-4BE0-B46F-655980BC81F5} = {CF3F89BB-0353-4BE3-8BE9-30411A262608}
		{40AB07FC-2DF7-44D8-8901-1656C2EAC9A2} = {DCF08649-AFD6-4E52-A804-6BE8B3757958}
		{C97AE8B1-126D-4079-A6FD-63A37DAFC57E} = {40AB07FC-2DF7-44D8-8901-1656C2EAC9A2}
		{C954262E-C57C-47F6-A511-251FB66AE224} = {5D963EFC-B099-47B6-8407-9B092F17EA3F}
		{5D6E30C9-7EA1-4320-8ED5-DBCAC2D17C4D} = {C954262E-C57C-47F6-A511-251FB66AE224}
		{05422EB8-65AB-4F59-9049-09C3E8C83AE9} = {824485C4-42BB-43DD-9E0D-2142E5747118}
		{20ED15C3-FD69-476A-B5AE-637B63E2BDE9} = {44F7A35D-6DD1-4290-BEE9-A20D8A39A962}
		{28E6984F-9D42-4ADB-89E5-F63B44F71076} = {20ED15C3-FD69-476A-B5AE-637B63E2BDE9}
		{B139C7A5-D1D4-43FA-9EDA-6728F3D4F67C} = {981D5031-3873-46CC-99D8-1ABF091E51C5}
		{1891A14B-F2DE-4AB9-9E96-769CC60CA615} = {02EBA800-39BD-498B-8E8D-230436DB6AF3}
		{84C0EE2A-DE2F-4A44-A258-BFBD87B833FC} = {1A8FADC4-E44C-457E-8E3C-C6D81857A3F6}
		{D33055C7-7007-4C82-BF96-983E12D50221} = {35983759-DBEC-4119-ACD7-CEAF563CD94E}
		{BE4A70DC-EBC0-43D9-8432-0088ED5CE9D4} = {D33055C7-7007-4C82-BF96-983E12D50221}
		{25E1D253-7725-44CF-9F7C-F419571502FB} = {BE4A70DC-EBC0-43D9-8432-0088ED5CE9D4}
	EndGlobalSection
EndGlobal
